
Microsoft Visual Studio Solution File, Format Version 12.00
# Visual Studio Version 17
VisualStudioVersion = 17.0.31903.59
MinimumVisualStudioVersion = 10.0.40219.1
Project("{2150E333-8FDC-42A3-9474-1A3956D46DE8}") = "Common", "Common", "{881589EE-639B-0A35-DBCE-5D94E4FC90C0}"
EndProject
Project("{FAE04EC0-301F-11D3-BF4B-00C04F79EFBC}") = "DevGPT.GenerationTools.Common.Models", "Common\DevGPT.GenerationTools.Common.Models\DevGPT.GenerationTools.Common.Models.csproj", "{07689AC7-D81E-467A-BD94-DE504DF9DC60}"
EndProject
Project("{FAE04EC0-301F-11D3-BF4B-00C04F79EFBC}") = "DevGPT.GenerationTools.Common.Infrastructure.AspNetCore", "Common\DevGPT.GenerationTools.Common.Infrastructure.AspNetCore\DevGPT.GenerationTools.Common.Infrastructure.AspNetCore.csproj", "{B1E3BA12-2B6C-423F-BE46-33918B569686}"
EndProject
Project("{FAE04EC0-301F-11D3-BF4B-00C04F79EFBC}") = "DevGPT.GenerationTools.TextExtraction", "DevGPT.GenerationTools.TextExtraction\DevGPT.GenerationTools.TextExtraction.csproj", "{3D14D858-A3C2-407B-BA14-FCF3AA8C8584}"
EndProject
Project("{FAE04EC0-301F-11D3-BF4B-00C04F79EFBC}") = "DevGPT.GenerationTools.AI.Agents", "DevGPT.GenerationTools.AI.Agents\DevGPT.GenerationTools.AI.Agents.csproj", "{97E6DBAC-5875-44EC-A86D-D779B374A2AB}"
EndProject
Project("{FAE04EC0-301F-11D3-BF4B-00C04F79EFBC}") = "DevGPT.GenerationTools.Core", "DevGPT.GenerationTools.Core\DevGPT.GenerationTools.Core.csproj", "{6CFC9678-39F3-4BE0-82A9-C622E438ACB3}"
EndProject
Project("{FAE04EC0-301F-11D3-BF4B-00C04F79EFBC}") = "DevGPT.GenerationTools.Models", "DevGPT.GenerationTools.Models\DevGPT.GenerationTools.Models.csproj", "{953FB8CD-2F0A-47E4-935D-B57F0E14D8B2}"
EndProject
Project("{FAE04EC0-301F-11D3-BF4B-00C04F79EFBC}") = "DevGPT.GenerationTools.Data", "DevGPT.GenerationTools.Data\DevGPT.GenerationTools.Data.csproj", "{E1F1B041-2AD5-4C11-83F7-1224F1C458DB}"
EndProject
Project("{FAE04EC0-301F-11D3-BF4B-00C04F79EFBC}") = "DevGPT.GenerationTools.Services.BigQuery", "DevGPT.GenerationTools.Services.BigQuery\DevGPT.GenerationTools.Services.BigQuery.csproj", "{A2EB2015-8331-4F98-BABE-E40A56729F0F}"
EndProject
Project("{FAE04EC0-301F-11D3-BF4B-00C04F79EFBC}") = "DevGPT.GenerationTools.Services.Embeddings", "DevGPT.GenerationTools.Services.Embeddings\DevGPT.GenerationTools.Services.Embeddings.csproj", "{1B42AF08-A3F2-4FF8-8E3A-D50ACA8DD307}"
EndProject
Project("{FAE04EC0-301F-11D3-BF4B-00C04F79EFBC}") = "DevGPT.GenerationTools.Services.ContentRetrieval", "DevGPT.GenerationTools.Services.ContentRetrieval\DevGPT.GenerationTools.Services.ContentRetrieval.csproj", "{A530B3E8-CFC9-493A-9417-F4459253AC34}"
EndProject
Project("{FAE04EC0-301F-11D3-BF4B-00C04F79EFBC}") = "DevGPT.GenerationTools.Services.Chat", "DevGPT.GenerationTools.Services.Chat\DevGPT.GenerationTools.Services.Chat.csproj", "{C4DDB74E-6A25-4B71-98D9-0243C575C872}"
EndProject
Project("{FAE04EC0-301F-11D3-BF4B-00C04F79EFBC}") = "DevGPT.GenerationTools.Services.FileOps", "DevGPT.GenerationTools.Services.FileOps\DevGPT.GenerationTools.Services.FileOps.csproj", "{C916955F-9C1A-4157-82FF-2DB87E023B84}"
EndProject
Project("{FAE04EC0-301F-11D3-BF4B-00C04F79EFBC}") = "DevGPT.GenerationTools.Services.Store", "DevGPT.GenerationTools.Services.Store\DevGPT.GenerationTools.Services.Store.csproj", "{710D3E87-F29F-4611-95EB-4492CDE825F2}"
EndProject
Project("{FAE04EC0-301F-11D3-BF4B-00C04F79EFBC}") = "DevGPT.GenerationTools.Services.Social", "DevGPT.GenerationTools.Services.Social\DevGPT.GenerationTools.Services.Social.csproj", "{FADAE9E5-6C33-4FDE-8B25-428E389B06E2}"
EndProject
Project("{FAE04EC0-301F-11D3-BF4B-00C04F79EFBC}") = "DevGPT.GenerationTools.Services.Prompts", "DevGPT.GenerationTools.Services.Prompts\DevGPT.GenerationTools.Services.Prompts.csproj", "{D50C3DF5-9F3E-4EC0-9ACD-1F6CD689163D}"
EndProject
Project("{FAE04EC0-301F-11D3-BF4B-00C04F79EFBC}") = "DevGPT.GenerationTools.Services.Intake", "DevGPT.GenerationTools.Services.Intake\DevGPT.GenerationTools.Services.Intake.csproj", "{04B1BA33-2878-4720-95D0-FBDE76DC8CAC}"
EndProject
Project("{FAE04EC0-301F-11D3-BF4B-00C04F79EFBC}") = "DevGPT.GenerationTools.Services.WordPress", "DevGPT.GenerationTools.Services.WordPress\DevGPT.GenerationTools.Services.WordPress.csproj", "{AD9E334F-EBCA-4F44-B4E8-6F12BDC03408}"
EndProject
Project("{FAE04EC0-301F-11D3-BF4B-00C04F79EFBC}") = "DevGPT.GenerationTools.Services.Web", "DevGPT.GenerationTools.Services.Web\DevGPT.GenerationTools.Services.Web.csproj", "{80D85051-A6CF-42DA-953B-F120810D979F}"
EndProject
Project("{FAE04EC0-301F-11D3-BF4B-00C04F79EFBC}") = "DevGPT.GenerationTools.Services", "DevGPT.GenerationTools.Services\DevGPT.GenerationTools.Services.csproj", "{C23E726C-E8DF-4C24-99B3-1D0CAF7820C9}"
EndProject
Project("{2150E333-8FDC-42A3-9474-1A3956D46DE8}") = "Tests", "Tests", "{0AB3BF05-4346-4AA6-1389-037BE0695223}"
EndProject
Project("{FAE04EC0-301F-11D3-BF4B-00C04F79EFBC}") = "DevGPT.GenerationTools.Common.Models.Tests", "Tests\DevGPT.GenerationTools.Common.Models.Tests\DevGPT.GenerationTools.Common.Models.Tests.csproj", "{7465FEC5-FEA8-4797-AFDC-D10D00DD5614}"
EndProject
Project("{FAE04EC0-301F-11D3-BF4B-00C04F79EFBC}") = "DevGPT.GenerationTools.Core.Tests", "Tests\DevGPT.GenerationTools.Core.Tests\DevGPT.GenerationTools.Core.Tests.csproj", "{42B6918B-1FDD-40CB-ACFE-ADCE0A273A2E}"
EndProject
Project("{FAE04EC0-301F-11D3-BF4B-00C04F79EFBC}") = "DevGPT.GenerationTools.Data.Tests", "Tests\DevGPT.GenerationTools.Data.Tests\DevGPT.GenerationTools.Data.Tests.csproj", "{F548EABB-218C-4FBA-979A-1A4DF92382B3}"
EndProject
Project("{FAE04EC0-301F-11D3-BF4B-00C04F79EFBC}") = "DevGPT.GenerationTools.Models.Tests", "Tests\DevGPT.GenerationTools.Models.Tests\DevGPT.GenerationTools.Models.Tests.csproj", "{138C8C98-D8AC-45A2-A477-C8E270BF5C91}"
EndProject
Project("{FAE04EC0-301F-11D3-BF4B-00C04F79EFBC}") = "DevGPT.GenerationTools.Services.BigQuery.Tests", "Tests\DevGPT.GenerationTools.Services.BigQuery.Tests\DevGPT.GenerationTools.Services.BigQuery.Tests.csproj", "{75A21A99-2AD0-40DF-8C60-BA8E103E9C84}"
EndProject
Project("{FAE04EC0-301F-11D3-BF4B-00C04F79EFBC}") = "DevGPT.GenerationTools.Services.Embeddings.Tests", "Tests\DevGPT.GenerationTools.Services.Embeddings.Tests\DevGPT.GenerationTools.Services.Embeddings.Tests.csproj", "{80106820-3D3B-4992-AEB1-8A1F26AD8D88}"
EndProject
Project("{FAE04EC0-301F-11D3-BF4B-00C04F79EFBC}") = "DevGPT.GenerationTools.Services.FileOps.Tests", "Tests\DevGPT.GenerationTools.Services.FileOps.Tests\DevGPT.GenerationTools.Services.FileOps.Tests.csproj", "{38A93930-3A58-418B-B299-8D987459C51D}"
EndProject
Project("{FAE04EC0-301F-11D3-BF4B-00C04F79EFBC}") = "DevGPT.GenerationTools.Services.Store.Tests", "Tests\DevGPT.GenerationTools.Services.Store.Tests\DevGPT.GenerationTools.Services.Store.Tests.csproj", "{BA3EC9CE-AB26-4032-A5FD-F5B87163CDD3}"
EndProject
Project("{FAE04EC0-301F-11D3-BF4B-00C04F79EFBC}") = "DevGPT.GenerationTools.TextExtraction.Tests", "Tests\DevGPT.GenerationTools.TextExtraction.Tests\DevGPT.GenerationTools.TextExtraction.Tests.csproj", "{C0B6B6BC-721A-497D-B639-C262EE28A715}"
EndProject
Project("{FAE04EC0-301F-11D3-BF4B-00C04F79EFBC}") = "DevGPT.GenerationTools.Services.Chat.Tests", "Tests\DevGPT.GenerationTools.Services.Chat.Tests\DevGPT.GenerationTools.Services.Chat.Tests.csproj", "{71800E45-1347-45FD-BFEA-32E725141DB3}"
EndProject
Project("{FAE04EC0-301F-11D3-BF4B-00C04F79EFBC}") = "DevGPT.GenerationTools.Services.DataGathering", "DevGPT.GenerationTools.Services.DataGathering\DevGPT.GenerationTools.Services.DataGathering.csproj", "{3691F72E-887D-4D4A-87B0-0A5BCF0F1220}"
EndProject
Global
	GlobalSection(SolutionConfigurationPlatforms) = preSolution
		Debug|Any CPU = Debug|Any CPU
		Debug|x64 = Debug|x64
		Debug|x86 = Debug|x86
		Release|Any CPU = Release|Any CPU
		Release|x64 = Release|x64
		Release|x86 = Release|x86
	EndGlobalSection
	GlobalSection(ProjectConfigurationPlatforms) = postSolution
		{07689AC7-D81E-467A-BD94-DE504DF9DC60}.Debug|Any CPU.ActiveCfg = Debug|Any CPU
		{07689AC7-D81E-467A-BD94-DE504DF9DC60}.Debug|Any CPU.Build.0 = Debug|Any CPU
		{07689AC7-D81E-467A-BD94-DE504DF9DC60}.Debug|x64.ActiveCfg = Debug|Any CPU
		{07689AC7-D81E-467A-BD94-DE504DF9DC60}.Debug|x64.Build.0 = Debug|Any CPU
		{07689AC7-D81E-467A-BD94-DE504DF9DC60}.Debug|x86.ActiveCfg = Debug|Any CPU
		{07689AC7-D81E-467A-BD94-DE504DF9DC60}.Debug|x86.Build.0 = Debug|Any CPU
		{07689AC7-D81E-467A-BD94-DE504DF9DC60}.Release|Any CPU.ActiveCfg = Release|Any CPU
		{07689AC7-D81E-467A-BD94-DE504DF9DC60}.Release|Any CPU.Build.0 = Release|Any CPU
		{07689AC7-D81E-467A-BD94-DE504DF9DC60}.Release|x64.ActiveCfg = Release|Any CPU
		{07689AC7-D81E-467A-BD94-DE504DF9DC60}.Release|x64.Build.0 = Release|Any CPU
		{07689AC7-D81E-467A-BD94-DE504DF9DC60}.Release|x86.ActiveCfg = Release|Any CPU
		{07689AC7-D81E-467A-BD94-DE504DF9DC60}.Release|x86.Build.0 = Release|Any CPU
		{B1E3BA12-2B6C-423F-BE46-33918B569686}.Debug|Any CPU.ActiveCfg = Debug|Any CPU
		{B1E3BA12-2B6C-423F-BE46-33918B569686}.Debug|Any CPU.Build.0 = Debug|Any CPU
		{B1E3BA12-2B6C-423F-BE46-33918B569686}.Debug|x64.ActiveCfg = Debug|Any CPU
		{B1E3BA12-2B6C-423F-BE46-33918B569686}.Debug|x64.Build.0 = Debug|Any CPU
		{B1E3BA12-2B6C-423F-BE46-33918B569686}.Debug|x86.ActiveCfg = Debug|Any CPU
		{B1E3BA12-2B6C-423F-BE46-33918B569686}.Debug|x86.Build.0 = Debug|Any CPU
		{B1E3BA12-2B6C-423F-BE46-33918B569686}.Release|Any CPU.ActiveCfg = Release|Any CPU
		{B1E3BA12-2B6C-423F-BE46-33918B569686}.Release|Any CPU.Build.0 = Release|Any CPU
		{B1E3BA12-2B6C-423F-BE46-33918B569686}.Release|x64.ActiveCfg = Release|Any CPU
		{B1E3BA12-2B6C-423F-BE46-33918B569686}.Release|x64.Build.0 = Release|Any CPU
		{B1E3BA12-2B6C-423F-BE46-33918B569686}.Release|x86.ActiveCfg = Release|Any CPU
		{B1E3BA12-2B6C-423F-BE46-33918B569686}.Release|x86.Build.0 = Release|Any CPU
		{3D14D858-A3C2-407B-BA14-FCF3AA8C8584}.Debug|Any CPU.ActiveCfg = Debug|Any CPU
		{3D14D858-A3C2-407B-BA14-FCF3AA8C8584}.Debug|Any CPU.Build.0 = Debug|Any CPU
		{3D14D858-A3C2-407B-BA14-FCF3AA8C8584}.Debug|x64.ActiveCfg = Debug|Any CPU
		{3D14D858-A3C2-407B-BA14-FCF3AA8C8584}.Debug|x64.Build.0 = Debug|Any CPU
		{3D14D858-A3C2-407B-BA14-FCF3AA8C8584}.Debug|x86.ActiveCfg = Debug|Any CPU
		{3D14D858-A3C2-407B-BA14-FCF3AA8C8584}.Debug|x86.Build.0 = Debug|Any CPU
		{3D14D858-A3C2-407B-BA14-FCF3AA8C8584}.Release|Any CPU.ActiveCfg = Release|Any CPU
		{3D14D858-A3C2-407B-BA14-FCF3AA8C8584}.Release|Any CPU.Build.0 = Release|Any CPU
		{3D14D858-A3C2-407B-BA14-FCF3AA8C8584}.Release|x64.ActiveCfg = Release|Any CPU
		{3D14D858-A3C2-407B-BA14-FCF3AA8C8584}.Release|x64.Build.0 = Release|Any CPU
		{3D14D858-A3C2-407B-BA14-FCF3AA8C8584}.Release|x86.ActiveCfg = Release|Any CPU
		{3D14D858-A3C2-407B-BA14-FCF3AA8C8584}.Release|x86.Build.0 = Release|Any CPU
		{97E6DBAC-5875-44EC-A86D-D779B374A2AB}.Debug|Any CPU.ActiveCfg = Debug|Any CPU
		{97E6DBAC-5875-44EC-A86D-D779B374A2AB}.Debug|Any CPU.Build.0 = Debug|Any CPU
		{97E6DBAC-5875-44EC-A86D-D779B374A2AB}.Debug|x64.ActiveCfg = Debug|Any CPU
		{97E6DBAC-5875-44EC-A86D-D779B374A2AB}.Debug|x64.Build.0 = Debug|Any CPU
		{97E6DBAC-5875-44EC-A86D-D779B374A2AB}.Debug|x86.ActiveCfg = Debug|Any CPU
		{97E6DBAC-5875-44EC-A86D-D779B374A2AB}.Debug|x86.Build.0 = Debug|Any CPU
		{97E6DBAC-5875-44EC-A86D-D779B374A2AB}.Release|Any CPU.ActiveCfg = Release|Any CPU
		{97E6DBAC-5875-44EC-A86D-D779B374A2AB}.Release|Any CPU.Build.0 = Release|Any CPU
		{97E6DBAC-5875-44EC-A86D-D779B374A2AB}.Release|x64.ActiveCfg = Release|Any CPU
		{97E6DBAC-5875-44EC-A86D-D779B374A2AB}.Release|x64.Build.0 = Release|Any CPU
		{97E6DBAC-5875-44EC-A86D-D779B374A2AB}.Release|x86.ActiveCfg = Release|Any CPU
		{97E6DBAC-5875-44EC-A86D-D779B374A2AB}.Release|x86.Build.0 = Release|Any CPU
		{6CFC9678-39F3-4BE0-82A9-C622E438ACB3}.Debug|Any CPU.ActiveCfg = Debug|Any CPU
		{6CFC9678-39F3-4BE0-82A9-C622E438ACB3}.Debug|Any CPU.Build.0 = Debug|Any CPU
		{6CFC9678-39F3-4BE0-82A9-C622E438ACB3}.Debug|x64.ActiveCfg = Debug|Any CPU
		{6CFC9678-39F3-4BE0-82A9-C622E438ACB3}.Debug|x64.Build.0 = Debug|Any CPU
		{6CFC9678-39F3-4BE0-82A9-C622E438ACB3}.Debug|x86.ActiveCfg = Debug|Any CPU
		{6CFC9678-39F3-4BE0-82A9-C622E438ACB3}.Debug|x86.Build.0 = Debug|Any CPU
		{6CFC9678-39F3-4BE0-82A9-C622E438ACB3}.Release|Any CPU.ActiveCfg = Release|Any CPU
		{6CFC9678-39F3-4BE0-82A9-C622E438ACB3}.Release|Any CPU.Build.0 = Release|Any CPU
		{6CFC9678-39F3-4BE0-82A9-C622E438ACB3}.Release|x64.ActiveCfg = Release|Any CPU
		{6CFC9678-39F3-4BE0-82A9-C622E438ACB3}.Release|x64.Build.0 = Release|Any CPU
		{6CFC9678-39F3-4BE0-82A9-C622E438ACB3}.Release|x86.ActiveCfg = Release|Any CPU
		{6CFC9678-39F3-4BE0-82A9-C622E438ACB3}.Release|x86.Build.0 = Release|Any CPU
		{953FB8CD-2F0A-47E4-935D-B57F0E14D8B2}.Debug|Any CPU.ActiveCfg = Debug|Any CPU
		{953FB8CD-2F0A-47E4-935D-B57F0E14D8B2}.Debug|Any CPU.Build.0 = Debug|Any CPU
		{953FB8CD-2F0A-47E4-935D-B57F0E14D8B2}.Debug|x64.ActiveCfg = Debug|Any CPU
		{953FB8CD-2F0A-47E4-935D-B57F0E14D8B2}.Debug|x64.Build.0 = Debug|Any CPU
		{953FB8CD-2F0A-47E4-935D-B57F0E14D8B2}.Debug|x86.ActiveCfg = Debug|Any CPU
		{953FB8CD-2F0A-47E4-935D-B57F0E14D8B2}.Debug|x86.Build.0 = Debug|Any CPU
		{953FB8CD-2F0A-47E4-935D-B57F0E14D8B2}.Release|Any CPU.ActiveCfg = Release|Any CPU
		{953FB8CD-2F0A-47E4-935D-B57F0E14D8B2}.Release|Any CPU.Build.0 = Release|Any CPU
		{953FB8CD-2F0A-47E4-935D-B57F0E14D8B2}.Release|x64.ActiveCfg = Release|Any CPU
		{953FB8CD-2F0A-47E4-935D-B57F0E14D8B2}.Release|x64.Build.0 = Release|Any CPU
		{953FB8CD-2F0A-47E4-935D-B57F0E14D8B2}.Release|x86.ActiveCfg = Release|Any CPU
		{953FB8CD-2F0A-47E4-935D-B57F0E14D8B2}.Release|x86.Build.0 = Release|Any CPU
		{E1F1B041-2AD5-4C11-83F7-1224F1C458DB}.Debug|Any CPU.ActiveCfg = Debug|Any CPU
		{E1F1B041-2AD5-4C11-83F7-1224F1C458DB}.Debug|Any CPU.Build.0 = Debug|Any CPU
		{E1F1B041-2AD5-4C11-83F7-1224F1C458DB}.Debug|x64.ActiveCfg = Debug|Any CPU
		{E1F1B041-2AD5-4C11-83F7-1224F1C458DB}.Debug|x64.Build.0 = Debug|Any CPU
		{E1F1B041-2AD5-4C11-83F7-1224F1C458DB}.Debug|x86.ActiveCfg = Debug|Any CPU
		{E1F1B041-2AD5-4C11-83F7-1224F1C458DB}.Debug|x86.Build.0 = Debug|Any CPU
		{E1F1B041-2AD5-4C11-83F7-1224F1C458DB}.Release|Any CPU.ActiveCfg = Release|Any CPU
		{E1F1B041-2AD5-4C11-83F7-1224F1C458DB}.Release|Any CPU.Build.0 = Release|Any CPU
		{E1F1B041-2AD5-4C11-83F7-1224F1C458DB}.Release|x64.ActiveCfg = Release|Any CPU
		{E1F1B041-2AD5-4C11-83F7-1224F1C458DB}.Release|x64.Build.0 = Release|Any CPU
		{E1F1B041-2AD5-4C11-83F7-1224F1C458DB}.Release|x86.ActiveCfg = Release|Any CPU
		{E1F1B041-2AD5-4C11-83F7-1224F1C458DB}.Release|x86.Build.0 = Release|Any CPU
		{A2EB2015-8331-4F98-BABE-E40A56729F0F}.Debug|Any CPU.ActiveCfg = Debug|Any CPU
		{A2EB2015-8331-4F98-BABE-E40A56729F0F}.Debug|Any CPU.Build.0 = Debug|Any CPU
		{A2EB2015-8331-4F98-BABE-E40A56729F0F}.Debug|x64.ActiveCfg = Debug|Any CPU
		{A2EB2015-8331-4F98-BABE-E40A56729F0F}.Debug|x64.Build.0 = Debug|Any CPU
		{A2EB2015-8331-4F98-BABE-E40A56729F0F}.Debug|x86.ActiveCfg = Debug|Any CPU
		{A2EB2015-8331-4F98-BABE-E40A56729F0F}.Debug|x86.Build.0 = Debug|Any CPU
		{A2EB2015-8331-4F98-BABE-E40A56729F0F}.Release|Any CPU.ActiveCfg = Release|Any CPU
		{A2EB2015-8331-4F98-BABE-E40A56729F0F}.Release|Any CPU.Build.0 = Release|Any CPU
		{A2EB2015-8331-4F98-BABE-E40A56729F0F}.Release|x64.ActiveCfg = Release|Any CPU
		{A2EB2015-8331-4F98-BABE-E40A56729F0F}.Release|x64.Build.0 = Release|Any CPU
		{A2EB2015-8331-4F98-BABE-E40A56729F0F}.Release|x86.ActiveCfg = Release|Any CPU
		{A2EB2015-8331-4F98-BABE-E40A56729F0F}.Release|x86.Build.0 = Release|Any CPU
		{1B42AF08-A3F2-4FF8-8E3A-D50ACA8DD307}.Debug|Any CPU.ActiveCfg = Debug|Any CPU
		{1B42AF08-A3F2-4FF8-8E3A-D50ACA8DD307}.Debug|Any CPU.Build.0 = Debug|Any CPU
		{1B42AF08-A3F2-4FF8-8E3A-D50ACA8DD307}.Debug|x64.ActiveCfg = Debug|Any CPU
		{1B42AF08-A3F2-4FF8-8E3A-D50ACA8DD307}.Debug|x64.Build.0 = Debug|Any CPU
		{1B42AF08-A3F2-4FF8-8E3A-D50ACA8DD307}.Debug|x86.ActiveCfg = Debug|Any CPU
		{1B42AF08-A3F2-4FF8-8E3A-D50ACA8DD307}.Debug|x86.Build.0 = Debug|Any CPU
		{1B42AF08-A3F2-4FF8-8E3A-D50ACA8DD307}.Release|Any CPU.ActiveCfg = Release|Any CPU
		{1B42AF08-A3F2-4FF8-8E3A-D50ACA8DD307}.Release|Any CPU.Build.0 = Release|Any CPU
		{1B42AF08-A3F2-4FF8-8E3A-D50ACA8DD307}.Release|x64.ActiveCfg = Release|Any CPU
		{1B42AF08-A3F2-4FF8-8E3A-D50ACA8DD307}.Release|x64.Build.0 = Release|Any CPU
		{1B42AF08-A3F2-4FF8-8E3A-D50ACA8DD307}.Release|x86.ActiveCfg = Release|Any CPU
		{1B42AF08-A3F2-4FF8-8E3A-D50ACA8DD307}.Release|x86.Build.0 = Release|Any CPU
		{A530B3E8-CFC9-493A-9417-F4459253AC34}.Debug|Any CPU.ActiveCfg = Debug|Any CPU
		{A530B3E8-CFC9-493A-9417-F4459253AC34}.Debug|Any CPU.Build.0 = Debug|Any CPU
		{A530B3E8-CFC9-493A-9417-F4459253AC34}.Debug|x64.ActiveCfg = Debug|Any CPU
		{A530B3E8-CFC9-493A-9417-F4459253AC34}.Debug|x64.Build.0 = Debug|Any CPU
		{A530B3E8-CFC9-493A-9417-F4459253AC34}.Debug|x86.ActiveCfg = Debug|Any CPU
		{A530B3E8-CFC9-493A-9417-F4459253AC34}.Debug|x86.Build.0 = Debug|Any CPU
		{A530B3E8-CFC9-493A-9417-F4459253AC34}.Release|Any CPU.ActiveCfg = Release|Any CPU
		{A530B3E8-CFC9-493A-9417-F4459253AC34}.Release|Any CPU.Build.0 = Release|Any CPU
		{A530B3E8-CFC9-493A-9417-F4459253AC34}.Release|x64.ActiveCfg = Release|Any CPU
		{A530B3E8-CFC9-493A-9417-F4459253AC34}.Release|x64.Build.0 = Release|Any CPU
		{A530B3E8-CFC9-493A-9417-F4459253AC34}.Release|x86.ActiveCfg = Release|Any CPU
		{A530B3E8-CFC9-493A-9417-F4459253AC34}.Release|x86.Build.0 = Release|Any CPU
		{C4DDB74E-6A25-4B71-98D9-0243C575C872}.Debug|Any CPU.ActiveCfg = Debug|Any CPU
		{C4DDB74E-6A25-4B71-98D9-0243C575C872}.Debug|Any CPU.Build.0 = Debug|Any CPU
		{C4DDB74E-6A25-4B71-98D9-0243C575C872}.Debug|x64.ActiveCfg = Debug|Any CPU
		{C4DDB74E-6A25-4B71-98D9-0243C575C872}.Debug|x64.Build.0 = Debug|Any CPU
		{C4DDB74E-6A25-4B71-98D9-0243C575C872}.Debug|x86.ActiveCfg = Debug|Any CPU
		{C4DDB74E-6A25-4B71-98D9-0243C575C872}.Debug|x86.Build.0 = Debug|Any CPU
		{C4DDB74E-6A25-4B71-98D9-0243C575C872}.Release|Any CPU.ActiveCfg = Release|Any CPU
		{C4DDB74E-6A25-4B71-98D9-0243C575C872}.Release|Any CPU.Build.0 = Release|Any CPU
		{C4DDB74E-6A25-4B71-98D9-0243C575C872}.Release|x64.ActiveCfg = Release|Any CPU
		{C4DDB74E-6A25-4B71-98D9-0243C575C872}.Release|x64.Build.0 = Release|Any CPU
		{C4DDB74E-6A25-4B71-98D9-0243C575C872}.Release|x86.ActiveCfg = Release|Any CPU
		{C4DDB74E-6A25-4B71-98D9-0243C575C872}.Release|x86.Build.0 = Release|Any CPU
		{C916955F-9C1A-4157-82FF-2DB87E023B84}.Debug|Any CPU.ActiveCfg = Debug|Any CPU
		{C916955F-9C1A-4157-82FF-2DB87E023B84}.Debug|Any CPU.Build.0 = Debug|Any CPU
		{C916955F-9C1A-4157-82FF-2DB87E023B84}.Debug|x64.ActiveCfg = Debug|Any CPU
		{C916955F-9C1A-4157-82FF-2DB87E023B84}.Debug|x64.Build.0 = Debug|Any CPU
		{C916955F-9C1A-4157-82FF-2DB87E023B84}.Debug|x86.ActiveCfg = Debug|Any CPU
		{C916955F-9C1A-4157-82FF-2DB87E023B84}.Debug|x86.Build.0 = Debug|Any CPU
		{C916955F-9C1A-4157-82FF-2DB87E023B84}.Release|Any CPU.ActiveCfg = Release|Any CPU
		{C916955F-9C1A-4157-82FF-2DB87E023B84}.Release|Any CPU.Build.0 = Release|Any CPU
		{C916955F-9C1A-4157-82FF-2DB87E023B84}.Release|x64.ActiveCfg = Release|Any CPU
		{C916955F-9C1A-4157-82FF-2DB87E023B84}.Release|x64.Build.0 = Release|Any CPU
		{C916955F-9C1A-4157-82FF-2DB87E023B84}.Release|x86.ActiveCfg = Release|Any CPU
		{C916955F-9C1A-4157-82FF-2DB87E023B84}.Release|x86.Build.0 = Release|Any CPU
		{710D3E87-F29F-4611-95EB-4492CDE825F2}.Debug|Any CPU.ActiveCfg = Debug|Any CPU
		{710D3E87-F29F-4611-95EB-4492CDE825F2}.Debug|Any CPU.Build.0 = Debug|Any CPU
		{710D3E87-F29F-4611-95EB-4492CDE825F2}.Debug|x64.ActiveCfg = Debug|Any CPU
		{710D3E87-F29F-4611-95EB-4492CDE825F2}.Debug|x64.Build.0 = Debug|Any CPU
		{710D3E87-F29F-4611-95EB-4492CDE825F2}.Debug|x86.ActiveCfg = Debug|Any CPU
		{710D3E87-F29F-4611-95EB-4492CDE825F2}.Debug|x86.Build.0 = Debug|Any CPU
		{710D3E87-F29F-4611-95EB-4492CDE825F2}.Release|Any CPU.ActiveCfg = Release|Any CPU
		{710D3E87-F29F-4611-95EB-4492CDE825F2}.Release|Any CPU.Build.0 = Release|Any CPU
		{710D3E87-F29F-4611-95EB-4492CDE825F2}.Release|x64.ActiveCfg = Release|Any CPU
		{710D3E87-F29F-4611-95EB-4492CDE825F2}.Release|x64.Build.0 = Release|Any CPU
		{710D3E87-F29F-4611-95EB-4492CDE825F2}.Release|x86.ActiveCfg = Release|Any CPU
		{710D3E87-F29F-4611-95EB-4492CDE825F2}.Release|x86.Build.0 = Release|Any CPU
		{FADAE9E5-6C33-4FDE-8B25-428E389B06E2}.Debug|Any CPU.ActiveCfg = Debug|Any CPU
		{FADAE9E5-6C33-4FDE-8B25-428E389B06E2}.Debug|Any CPU.Build.0 = Debug|Any CPU
		{FADAE9E5-6C33-4FDE-8B25-428E389B06E2}.Debug|x64.ActiveCfg = Debug|Any CPU
		{FADAE9E5-6C33-4FDE-8B25-428E389B06E2}.Debug|x64.Build.0 = Debug|Any CPU
		{FADAE9E5-6C33-4FDE-8B25-428E389B06E2}.Debug|x86.ActiveCfg = Debug|Any CPU
		{FADAE9E5-6C33-4FDE-8B25-428E389B06E2}.Debug|x86.Build.0 = Debug|Any CPU
		{FADAE9E5-6C33-4FDE-8B25-428E389B06E2}.Release|Any CPU.ActiveCfg = Release|Any CPU
		{FADAE9E5-6C33-4FDE-8B25-428E389B06E2}.Release|Any CPU.Build.0 = Release|Any CPU
		{FADAE9E5-6C33-4FDE-8B25-428E389B06E2}.Release|x64.ActiveCfg = Release|Any CPU
		{FADAE9E5-6C33-4FDE-8B25-428E389B06E2}.Release|x64.Build.0 = Release|Any CPU
		{FADAE9E5-6C33-4FDE-8B25-428E389B06E2}.Release|x86.ActiveCfg = Release|Any CPU
		{FADAE9E5-6C33-4FDE-8B25-428E389B06E2}.Release|x86.Build.0 = Release|Any CPU
		{D50C3DF5-9F3E-4EC0-9ACD-1F6CD689163D}.Debug|Any CPU.ActiveCfg = Debug|Any CPU
		{D50C3DF5-9F3E-4EC0-9ACD-1F6CD689163D}.Debug|Any CPU.Build.0 = Debug|Any CPU
		{D50C3DF5-9F3E-4EC0-9ACD-1F6CD689163D}.Debug|x64.ActiveCfg = Debug|Any CPU
		{D50C3DF5-9F3E-4EC0-9ACD-1F6CD689163D}.Debug|x64.Build.0 = Debug|Any CPU
		{D50C3DF5-9F3E-4EC0-9ACD-1F6CD689163D}.Debug|x86.ActiveCfg = Debug|Any CPU
		{D50C3DF5-9F3E-4EC0-9ACD-1F6CD689163D}.Debug|x86.Build.0 = Debug|Any CPU
		{D50C3DF5-9F3E-4EC0-9ACD-1F6CD689163D}.Release|Any CPU.ActiveCfg = Release|Any CPU
		{D50C3DF5-9F3E-4EC0-9ACD-1F6CD689163D}.Release|Any CPU.Build.0 = Release|Any CPU
		{D50C3DF5-9F3E-4EC0-9ACD-1F6CD689163D}.Release|x64.ActiveCfg = Release|Any CPU
		{D50C3DF5-9F3E-4EC0-9ACD-1F6CD689163D}.Release|x64.Build.0 = Release|Any CPU
		{D50C3DF5-9F3E-4EC0-9ACD-1F6CD689163D}.Release|x86.ActiveCfg = Release|Any CPU
		{D50C3DF5-9F3E-4EC0-9ACD-1F6CD689163D}.Release|x86.Build.0 = Release|Any CPU
		{04B1BA33-2878-4720-95D0-FBDE76DC8CAC}.Debug|Any CPU.ActiveCfg = Debug|Any CPU
		{04B1BA33-2878-4720-95D0-FBDE76DC8CAC}.Debug|Any CPU.Build.0 = Debug|Any CPU
		{04B1BA33-2878-4720-95D0-FBDE76DC8CAC}.Debug|x64.ActiveCfg = Debug|Any CPU
		{04B1BA33-2878-4720-95D0-FBDE76DC8CAC}.Debug|x64.Build.0 = Debug|Any CPU
		{04B1BA33-2878-4720-95D0-FBDE76DC8CAC}.Debug|x86.ActiveCfg = Debug|Any CPU
		{04B1BA33-2878-4720-95D0-FBDE76DC8CAC}.Debug|x86.Build.0 = Debug|Any CPU
		{04B1BA33-2878-4720-95D0-FBDE76DC8CAC}.Release|Any CPU.ActiveCfg = Release|Any CPU
		{04B1BA33-2878-4720-95D0-FBDE76DC8CAC}.Release|Any CPU.Build.0 = Release|Any CPU
		{04B1BA33-2878-4720-95D0-FBDE76DC8CAC}.Release|x64.ActiveCfg = Release|Any CPU
		{04B1BA33-2878-4720-95D0-FBDE76DC8CAC}.Release|x64.Build.0 = Release|Any CPU
		{04B1BA33-2878-4720-95D0-FBDE76DC8CAC}.Release|x86.ActiveCfg = Release|Any CPU
		{04B1BA33-2878-4720-95D0-FBDE76DC8CAC}.Release|x86.Build.0 = Release|Any CPU
		{AD9E334F-EBCA-4F44-B4E8-6F12BDC03408}.Debug|Any CPU.ActiveCfg = Debug|Any CPU
		{AD9E334F-EBCA-4F44-B4E8-6F12BDC03408}.Debug|Any CPU.Build.0 = Debug|Any CPU
		{AD9E334F-EBCA-4F44-B4E8-6F12BDC03408}.Debug|x64.ActiveCfg = Debug|Any CPU
		{AD9E334F-EBCA-4F44-B4E8-6F12BDC03408}.Debug|x64.Build.0 = Debug|Any CPU
		{AD9E334F-EBCA-4F44-B4E8-6F12BDC03408}.Debug|x86.ActiveCfg = Debug|Any CPU
		{AD9E334F-EBCA-4F44-B4E8-6F12BDC03408}.Debug|x86.Build.0 = Debug|Any CPU
		{AD9E334F-EBCA-4F44-B4E8-6F12BDC03408}.Release|Any CPU.ActiveCfg = Release|Any CPU
		{AD9E334F-EBCA-4F44-B4E8-6F12BDC03408}.Release|Any CPU.Build.0 = Release|Any CPU
		{AD9E334F-EBCA-4F44-B4E8-6F12BDC03408}.Release|x64.ActiveCfg = Release|Any CPU
		{AD9E334F-EBCA-4F44-B4E8-6F12BDC03408}.Release|x64.Build.0 = Release|Any CPU
		{AD9E334F-EBCA-4F44-B4E8-6F12BDC03408}.Release|x86.ActiveCfg = Release|Any CPU
		{AD9E334F-EBCA-4F44-B4E8-6F12BDC03408}.Release|x86.Build.0 = Release|Any CPU
		{80D85051-A6CF-42DA-953B-F120810D979F}.Debug|Any CPU.ActiveCfg = Debug|Any CPU
		{80D85051-A6CF-42DA-953B-F120810D979F}.Debug|Any CPU.Build.0 = Debug|Any CPU
		{80D85051-A6CF-42DA-953B-F120810D979F}.Debug|x64.ActiveCfg = Debug|Any CPU
		{80D85051-A6CF-42DA-953B-F120810D979F}.Debug|x64.Build.0 = Debug|Any CPU
		{80D85051-A6CF-42DA-953B-F120810D979F}.Debug|x86.ActiveCfg = Debug|Any CPU
		{80D85051-A6CF-42DA-953B-F120810D979F}.Debug|x86.Build.0 = Debug|Any CPU
		{80D85051-A6CF-42DA-953B-F120810D979F}.Release|Any CPU.ActiveCfg = Release|Any CPU
		{80D85051-A6CF-42DA-953B-F120810D979F}.Release|Any CPU.Build.0 = Release|Any CPU
		{80D85051-A6CF-42DA-953B-F120810D979F}.Release|x64.ActiveCfg = Release|Any CPU
		{80D85051-A6CF-42DA-953B-F120810D979F}.Release|x64.Build.0 = Release|Any CPU
		{80D85051-A6CF-42DA-953B-F120810D979F}.Release|x86.ActiveCfg = Release|Any CPU
		{80D85051-A6CF-42DA-953B-F120810D979F}.Release|x86.Build.0 = Release|Any CPU
		{C23E726C-E8DF-4C24-99B3-1D0CAF7820C9}.Debug|Any CPU.ActiveCfg = Debug|Any CPU
		{C23E726C-E8DF-4C24-99B3-1D0CAF7820C9}.Debug|Any CPU.Build.0 = Debug|Any CPU
		{C23E726C-E8DF-4C24-99B3-1D0CAF7820C9}.Debug|x64.ActiveCfg = Debug|Any CPU
		{C23E726C-E8DF-4C24-99B3-1D0CAF7820C9}.Debug|x64.Build.0 = Debug|Any CPU
		{C23E726C-E8DF-4C24-99B3-1D0CAF7820C9}.Debug|x86.ActiveCfg = Debug|Any CPU
		{C23E726C-E8DF-4C24-99B3-1D0CAF7820C9}.Debug|x86.Build.0 = Debug|Any CPU
		{C23E726C-E8DF-4C24-99B3-1D0CAF7820C9}.Release|Any CPU.ActiveCfg = Release|Any CPU
		{C23E726C-E8DF-4C24-99B3-1D0CAF7820C9}.Release|Any CPU.Build.0 = Release|Any CPU
		{C23E726C-E8DF-4C24-99B3-1D0CAF7820C9}.Release|x64.ActiveCfg = Release|Any CPU
		{C23E726C-E8DF-4C24-99B3-1D0CAF7820C9}.Release|x64.Build.0 = Release|Any CPU
		{C23E726C-E8DF-4C24-99B3-1D0CAF7820C9}.Release|x86.ActiveCfg = Release|Any CPU
		{C23E726C-E8DF-4C24-99B3-1D0CAF7820C9}.Release|x86.Build.0 = Release|Any CPU
		{7465FEC5-FEA8-4797-AFDC-D10D00DD5614}.Debug|Any CPU.ActiveCfg = Debug|Any CPU
		{7465FEC5-FEA8-4797-AFDC-D10D00DD5614}.Debug|Any CPU.Build.0 = Debug|Any CPU
		{7465FEC5-FEA8-4797-AFDC-D10D00DD5614}.Debug|x64.ActiveCfg = Debug|Any CPU
		{7465FEC5-FEA8-4797-AFDC-D10D00DD5614}.Debug|x64.Build.0 = Debug|Any CPU
		{7465FEC5-FEA8-4797-AFDC-D10D00DD5614}.Debug|x86.ActiveCfg = Debug|Any CPU
		{7465FEC5-FEA8-4797-AFDC-D10D00DD5614}.Debug|x86.Build.0 = Debug|Any CPU
		{7465FEC5-FEA8-4797-AFDC-D10D00DD5614}.Release|Any CPU.ActiveCfg = Release|Any CPU
		{7465FEC5-FEA8-4797-AFDC-D10D00DD5614}.Release|Any CPU.Build.0 = Release|Any CPU
		{7465FEC5-FEA8-4797-AFDC-D10D00DD5614}.Release|x64.ActiveCfg = Release|Any CPU
		{7465FEC5-FEA8-4797-AFDC-D10D00DD5614}.Release|x64.Build.0 = Release|Any CPU
		{7465FEC5-FEA8-4797-AFDC-D10D00DD5614}.Release|x86.ActiveCfg = Release|Any CPU
		{7465FEC5-FEA8-4797-AFDC-D10D00DD5614}.Release|x86.Build.0 = Release|Any CPU
		{42B6918B-1FDD-40CB-ACFE-ADCE0A273A2E}.Debug|Any CPU.ActiveCfg = Debug|Any CPU
		{42B6918B-1FDD-40CB-ACFE-ADCE0A273A2E}.Debug|Any CPU.Build.0 = Debug|Any CPU
		{42B6918B-1FDD-40CB-ACFE-ADCE0A273A2E}.Debug|x64.ActiveCfg = Debug|Any CPU
		{42B6918B-1FDD-40CB-ACFE-ADCE0A273A2E}.Debug|x64.Build.0 = Debug|Any CPU
		{42B6918B-1FDD-40CB-ACFE-ADCE0A273A2E}.Debug|x86.ActiveCfg = Debug|Any CPU
		{42B6918B-1FDD-40CB-ACFE-ADCE0A273A2E}.Debug|x86.Build.0 = Debug|Any CPU
		{42B6918B-1FDD-40CB-ACFE-ADCE0A273A2E}.Release|Any CPU.ActiveCfg = Release|Any CPU
		{42B6918B-1FDD-40CB-ACFE-ADCE0A273A2E}.Release|Any CPU.Build.0 = Release|Any CPU
		{42B6918B-1FDD-40CB-ACFE-ADCE0A273A2E}.Release|x64.ActiveCfg = Release|Any CPU
		{42B6918B-1FDD-40CB-ACFE-ADCE0A273A2E}.Release|x64.Build.0 = Release|Any CPU
		{42B6918B-1FDD-40CB-ACFE-ADCE0A273A2E}.Release|x86.ActiveCfg = Release|Any CPU
		{42B6918B-1FDD-40CB-ACFE-ADCE0A273A2E}.Release|x86.Build.0 = Release|Any CPU
		{F548EABB-218C-4FBA-979A-1A4DF92382B3}.Debug|Any CPU.ActiveCfg = Debug|Any CPU
		{F548EABB-218C-4FBA-979A-1A4DF92382B3}.Debug|Any CPU.Build.0 = Debug|Any CPU
		{F548EABB-218C-4FBA-979A-1A4DF92382B3}.Debug|x64.ActiveCfg = Debug|Any CPU
		{F548EABB-218C-4FBA-979A-1A4DF92382B3}.Debug|x64.Build.0 = Debug|Any CPU
		{F548EABB-218C-4FBA-979A-1A4DF92382B3}.Debug|x86.ActiveCfg = Debug|Any CPU
		{F548EABB-218C-4FBA-979A-1A4DF92382B3}.Debug|x86.Build.0 = Debug|Any CPU
		{F548EABB-218C-4FBA-979A-1A4DF92382B3}.Release|Any CPU.ActiveCfg = Release|Any CPU
		{F548EABB-218C-4FBA-979A-1A4DF92382B3}.Release|Any CPU.Build.0 = Release|Any CPU
		{F548EABB-218C-4FBA-979A-1A4DF92382B3}.Release|x64.ActiveCfg = Release|Any CPU
		{F548EABB-218C-4FBA-979A-1A4DF92382B3}.Release|x64.Build.0 = Release|Any CPU
		{F548EABB-218C-4FBA-979A-1A4DF92382B3}.Release|x86.ActiveCfg = Release|Any CPU
		{F548EABB-218C-4FBA-979A-1A4DF92382B3}.Release|x86.Build.0 = Release|Any CPU
		{138C8C98-D8AC-45A2-A477-C8E270BF5C91}.Debug|Any CPU.ActiveCfg = Debug|Any CPU
		{138C8C98-D8AC-45A2-A477-C8E270BF5C91}.Debug|Any CPU.Build.0 = Debug|Any CPU
		{138C8C98-D8AC-45A2-A477-C8E270BF5C91}.Debug|x64.ActiveCfg = Debug|Any CPU
		{138C8C98-D8AC-45A2-A477-C8E270BF5C91}.Debug|x64.Build.0 = Debug|Any CPU
		{138C8C98-D8AC-45A2-A477-C8E270BF5C91}.Debug|x86.ActiveCfg = Debug|Any CPU
		{138C8C98-D8AC-45A2-A477-C8E270BF5C91}.Debug|x86.Build.0 = Debug|Any CPU
		{138C8C98-D8AC-45A2-A477-C8E270BF5C91}.Release|Any CPU.ActiveCfg = Release|Any CPU
		{138C8C98-D8AC-45A2-A477-C8E270BF5C91}.Release|Any CPU.Build.0 = Release|Any CPU
		{138C8C98-D8AC-45A2-A477-C8E270BF5C91}.Release|x64.ActiveCfg = Release|Any CPU
		{138C8C98-D8AC-45A2-A477-C8E270BF5C91}.Release|x64.Build.0 = Release|Any CPU
		{138C8C98-D8AC-45A2-A477-C8E270BF5C91}.Release|x86.ActiveCfg = Release|Any CPU
		{138C8C98-D8AC-45A2-A477-C8E270BF5C91}.Release|x86.Build.0 = Release|Any CPU
		{75A21A99-2AD0-40DF-8C60-BA8E103E9C84}.Debug|Any CPU.ActiveCfg = Debug|Any CPU
		{75A21A99-2AD0-40DF-8C60-BA8E103E9C84}.Debug|Any CPU.Build.0 = Debug|Any CPU
		{75A21A99-2AD0-40DF-8C60-BA8E103E9C84}.Debug|x64.ActiveCfg = Debug|Any CPU
		{75A21A99-2AD0-40DF-8C60-BA8E103E9C84}.Debug|x64.Build.0 = Debug|Any CPU
		{75A21A99-2AD0-40DF-8C60-BA8E103E9C84}.Debug|x86.ActiveCfg = Debug|Any CPU
		{75A21A99-2AD0-40DF-8C60-BA8E103E9C84}.Debug|x86.Build.0 = Debug|Any CPU
		{75A21A99-2AD0-40DF-8C60-BA8E103E9C84}.Release|Any CPU.ActiveCfg = Release|Any CPU
		{75A21A99-2AD0-40DF-8C60-BA8E103E9C84}.Release|Any CPU.Build.0 = Release|Any CPU
		{75A21A99-2AD0-40DF-8C60-BA8E103E9C84}.Release|x64.ActiveCfg = Release|Any CPU
		{75A21A99-2AD0-40DF-8C60-BA8E103E9C84}.Release|x64.Build.0 = Release|Any CPU
		{75A21A99-2AD0-40DF-8C60-BA8E103E9C84}.Release|x86.ActiveCfg = Release|Any CPU
		{75A21A99-2AD0-40DF-8C60-BA8E103E9C84}.Release|x86.Build.0 = Release|Any CPU
		{80106820-3D3B-4992-AEB1-8A1F26AD8D88}.Debug|Any CPU.ActiveCfg = Debug|Any CPU
		{80106820-3D3B-4992-AEB1-8A1F26AD8D88}.Debug|Any CPU.Build.0 = Debug|Any CPU
		{80106820-3D3B-4992-AEB1-8A1F26AD8D88}.Debug|x64.ActiveCfg = Debug|Any CPU
		{80106820-3D3B-4992-AEB1-8A1F26AD8D88}.Debug|x64.Build.0 = Debug|Any CPU
		{80106820-3D3B-4992-AEB1-8A1F26AD8D88}.Debug|x86.ActiveCfg = Debug|Any CPU
		{80106820-3D3B-4992-AEB1-8A1F26AD8D88}.Debug|x86.Build.0 = Debug|Any CPU
		{80106820-3D3B-4992-AEB1-8A1F26AD8D88}.Release|Any CPU.ActiveCfg = Release|Any CPU
		{80106820-3D3B-4992-AEB1-8A1F26AD8D88}.Release|Any CPU.Build.0 = Release|Any CPU
		{80106820-3D3B-4992-AEB1-8A1F26AD8D88}.Release|x64.ActiveCfg = Release|Any CPU
		{80106820-3D3B-4992-AEB1-8A1F26AD8D88}.Release|x64.Build.0 = Release|Any CPU
		{80106820-3D3B-4992-AEB1-8A1F26AD8D88}.Release|x86.ActiveCfg = Release|Any CPU
		{80106820-3D3B-4992-AEB1-8A1F26AD8D88}.Release|x86.Build.0 = Release|Any CPU
		{38A93930-3A58-418B-B299-8D987459C51D}.Debug|Any CPU.ActiveCfg = Debug|Any CPU
		{38A93930-3A58-418B-B299-8D987459C51D}.Debug|Any CPU.Build.0 = Debug|Any CPU
		{38A93930-3A58-418B-B299-8D987459C51D}.Debug|x64.ActiveCfg = Debug|Any CPU
		{38A93930-3A58-418B-B299-8D987459C51D}.Debug|x64.Build.0 = Debug|Any CPU
		{38A93930-3A58-418B-B299-8D987459C51D}.Debug|x86.ActiveCfg = Debug|Any CPU
		{38A93930-3A58-418B-B299-8D987459C51D}.Debug|x86.Build.0 = Debug|Any CPU
		{38A93930-3A58-418B-B299-8D987459C51D}.Release|Any CPU.ActiveCfg = Release|Any CPU
		{38A93930-3A58-418B-B299-8D987459C51D}.Release|Any CPU.Build.0 = Release|Any CPU
		{38A93930-3A58-418B-B299-8D987459C51D}.Release|x64.ActiveCfg = Release|Any CPU
		{38A93930-3A58-418B-B299-8D987459C51D}.Release|x64.Build.0 = Release|Any CPU
		{38A93930-3A58-418B-B299-8D987459C51D}.Release|x86.ActiveCfg = Release|Any CPU
		{38A93930-3A58-418B-B299-8D987459C51D}.Release|x86.Build.0 = Release|Any CPU
		{BA3EC9CE-AB26-4032-A5FD-F5B87163CDD3}.Debug|Any CPU.ActiveCfg = Debug|Any CPU
		{BA3EC9CE-AB26-4032-A5FD-F5B87163CDD3}.Debug|Any CPU.Build.0 = Debug|Any CPU
		{BA3EC9CE-AB26-4032-A5FD-F5B87163CDD3}.Debug|x64.ActiveCfg = Debug|Any CPU
		{BA3EC9CE-AB26-4032-A5FD-F5B87163CDD3}.Debug|x64.Build.0 = Debug|Any CPU
		{BA3EC9CE-AB26-4032-A5FD-F5B87163CDD3}.Debug|x86.ActiveCfg = Debug|Any CPU
		{BA3EC9CE-AB26-4032-A5FD-F5B87163CDD3}.Debug|x86.Build.0 = Debug|Any CPU
		{BA3EC9CE-AB26-4032-A5FD-F5B87163CDD3}.Release|Any CPU.ActiveCfg = Release|Any CPU
		{BA3EC9CE-AB26-4032-A5FD-F5B87163CDD3}.Release|Any CPU.Build.0 = Release|Any CPU
		{BA3EC9CE-AB26-4032-A5FD-F5B87163CDD3}.Release|x64.ActiveCfg = Release|Any CPU
		{BA3EC9CE-AB26-4032-A5FD-F5B87163CDD3}.Release|x64.Build.0 = Release|Any CPU
		{BA3EC9CE-AB26-4032-A5FD-F5B87163CDD3}.Release|x86.ActiveCfg = Release|Any CPU
		{BA3EC9CE-AB26-4032-A5FD-F5B87163CDD3}.Release|x86.Build.0 = Release|Any CPU
		{C0B6B6BC-721A-497D-B639-C262EE28A715}.Debug|Any CPU.ActiveCfg = Debug|Any CPU
		{C0B6B6BC-721A-497D-B639-C262EE28A715}.Debug|Any CPU.Build.0 = Debug|Any CPU
		{C0B6B6BC-721A-497D-B639-C262EE28A715}.Debug|x64.ActiveCfg = Debug|Any CPU
		{C0B6B6BC-721A-497D-B639-C262EE28A715}.Debug|x64.Build.0 = Debug|Any CPU
		{C0B6B6BC-721A-497D-B639-C262EE28A715}.Debug|x86.ActiveCfg = Debug|Any CPU
		{C0B6B6BC-721A-497D-B639-C262EE28A715}.Debug|x86.Build.0 = Debug|Any CPU
		{C0B6B6BC-721A-497D-B639-C262EE28A715}.Release|Any CPU.ActiveCfg = Release|Any CPU
		{C0B6B6BC-721A-497D-B639-C262EE28A715}.Release|Any CPU.Build.0 = Release|Any CPU
		{C0B6B6BC-721A-497D-B639-C262EE28A715}.Release|x64.ActiveCfg = Release|Any CPU
		{C0B6B6BC-721A-497D-B639-C262EE28A715}.Release|x64.Build.0 = Release|Any CPU
		{C0B6B6BC-721A-497D-B639-C262EE28A715}.Release|x86.ActiveCfg = Release|Any CPU
		{C0B6B6BC-721A-497D-B639-C262EE28A715}.Release|x86.Build.0 = Release|Any CPU
		{71800E45-1347-45FD-BFEA-32E725141DB3}.Debug|Any CPU.ActiveCfg = Debug|Any CPU
		{71800E45-1347-45FD-BFEA-32E725141DB3}.Debug|Any CPU.Build.0 = Debug|Any CPU
		{71800E45-1347-45FD-BFEA-32E725141DB3}.Debug|x64.ActiveCfg = Debug|Any CPU
		{71800E45-1347-45FD-BFEA-32E725141DB3}.Debug|x64.Build.0 = Debug|Any CPU
		{71800E45-1347-45FD-BFEA-32E725141DB3}.Debug|x86.ActiveCfg = Debug|Any CPU
		{71800E45-1347-45FD-BFEA-32E725141DB3}.Debug|x86.Build.0 = Debug|Any CPU
		{71800E45-1347-45FD-BFEA-32E725141DB3}.Release|Any CPU.ActiveCfg = Release|Any CPU
		{71800E45-1347-45FD-BFEA-32E725141DB3}.Release|Any CPU.Build.0 = Release|Any CPU
		{71800E45-1347-45FD-BFEA-32E725141DB3}.Release|x64.ActiveCfg = Release|Any CPU
		{71800E45-1347-45FD-BFEA-32E725141DB3}.Release|x64.Build.0 = Release|Any CPU
		{71800E45-1347-45FD-BFEA-32E725141DB3}.Release|x86.ActiveCfg = Release|Any CPU
		{71800E45-1347-45FD-BFEA-32E725141DB3}.Release|x86.Build.0 = Release|Any CPU
		{3691F72E-887D-4D4A-87B0-0A5BCF0F1220}.Debug|Any CPU.ActiveCfg = Debug|Any CPU
		{3691F72E-887D-4D4A-87B0-0A5BCF0F1220}.Debug|Any CPU.Build.0 = Debug|Any CPU
		{3691F72E-887D-4D4A-87B0-0A5BCF0F1220}.Debug|x64.ActiveCfg = Debug|Any CPU
		{3691F72E-887D-4D4A-87B0-0A5BCF0F1220}.Debug|x64.Build.0 = Debug|Any CPU
		{3691F72E-887D-4D4A-87B0-0A5BCF0F1220}.Debug|x86.ActiveCfg = Debug|Any CPU
		{3691F72E-887D-4D4A-87B0-0A5BCF0F1220}.Debug|x86.Build.0 = Debug|Any CPU
		{3691F72E-887D-4D4A-87B0-0A5BCF0F1220}.Release|Any CPU.ActiveCfg = Release|Any CPU
		{3691F72E-887D-4D4A-87B0-0A5BCF0F1220}.Release|Any CPU.Build.0 = Release|Any CPU
		{3691F72E-887D-4D4A-87B0-0A5BCF0F1220}.Release|x64.ActiveCfg = Release|Any CPU
		{3691F72E-887D-4D4A-87B0-0A5BCF0F1220}.Release|x64.Build.0 = Release|Any CPU
		{3691F72E-887D-4D4A-87B0-0A5BCF0F1220}.Release|x86.ActiveCfg = Release|Any CPU
		{3691F72E-887D-4D4A-87B0-0A5BCF0F1220}.Release|x86.Build.0 = Release|Any CPU
	EndGlobalSection
	GlobalSection(SolutionProperties) = preSolution
		HideSolutionNode = FALSE
	EndGlobalSection
	GlobalSection(NestedProjects) = preSolution
		{07689AC7-D81E-467A-BD94-DE504DF9DC60} = {881589EE-639B-0A35-DBCE-5D94E4FC90C0}
		{B1E3BA12-2B6C-423F-BE46-33918B569686} = {881589EE-639B-0A35-DBCE-5D94E4FC90C0}
		{3D14D858-A3C2-407B-BA14-FCF3AA8C8584} = {881589EE-639B-0A35-DBCE-5D94E4FC90C0}
		{97E6DBAC-5875-44EC-A86D-D779B374A2AB} = {881589EE-639B-0A35-DBCE-5D94E4FC90C0}
		{6CFC9678-39F3-4BE0-82A9-C622E438ACB3} = {881589EE-639B-0A35-DBCE-5D94E4FC90C0}
		{7465FEC5-FEA8-4797-AFDC-D10D00DD5614} = {0AB3BF05-4346-4AA6-1389-037BE0695223}
		{42B6918B-1FDD-40CB-ACFE-ADCE0A273A2E} = {0AB3BF05-4346-4AA6-1389-037BE0695223}
		{F548EABB-218C-4FBA-979A-1A4DF92382B3} = {0AB3BF05-4346-4AA6-1389-037BE0695223}
		{138C8C98-D8AC-45A2-A477-C8E270BF5C91} = {0AB3BF05-4346-4AA6-1389-037BE0695223}
		{75A21A99-2AD0-40DF-8C60-BA8E103E9C84} = {0AB3BF05-4346-4AA6-1389-037BE0695223}
		{80106820-3D3B-4992-AEB1-8A1F26AD8D88} = {0AB3BF05-4346-4AA6-1389-037BE0695223}
		{38A93930-3A58-418B-B299-8D987459C51D} = {0AB3BF05-4346-4AA6-1389-037BE0695223}
		{BA3EC9CE-AB26-4032-A5FD-F5B87163CDD3} = {0AB3BF05-4346-4AA6-1389-037BE0695223}
		{C0B6B6BC-721A-497D-B639-C262EE28A715} = {0AB3BF05-4346-4AA6-1389-037BE0695223}
		{71800E45-1347-45FD-BFEA-32E725141DB3} = {0AB3BF05-4346-4AA6-1389-037BE0695223}
	EndGlobalSection
EndGlobal
