
Microsoft Visual Studio Solution File, Format Version 12.00
# Visual Studio Version 17
VisualStudioVersion = 17.0.31903.59
MinimumVisualStudioVersion = 10.0.40219.1
Project("{2150E333-8FDC-42A3-9474-1A3956D46DE8}") = "Common", "Common", "{881589EE-639B-0A35-DBCE-5D94E4FC90C0}"
EndProject
Project("{2150E333-8FDC-42A3-9474-1A3956D46DE8}") = "Foundation", "Foundation", "{F8A1E2D3-4B5C-6A7D-8E9F-0A1B2C3D4E5F}"
EndProject
Project("{2150E333-8FDC-42A3-9474-1A3956D46DE8}") = "Services", "Services", "{A1B2C3D4-5E6F-7A8B-9C0D-1E2F3A4B5C6D}"
EndProject
Project("{2150E333-8FDC-42A3-9474-1A3956D46DE8}") = "Tests", "Tests", "{0AB3BF05-4346-4AA6-1389-037BE0695223}"
EndProject
Project("{FAE04EC0-301F-11D3-BF4B-00C04F79EFBC}") = "Hazina.Tools.Common.Models.local", "src\Tools\Common\Hazina.Tools.Common.Models\Hazina.Tools.Common.Models.local.csproj", "{07689AC7-D81E-467A-BD94-DE504DF9DC60}"
EndProject
Project("{FAE04EC0-301F-11D3-BF4B-00C04F79EFBC}") = "Hazina.Tools.Common.Infrastructure.AspNetCore.local", "src\Tools\Common\Hazina.Tools.Common.Infrastructure.AspNetCore\Hazina.Tools.Common.Infrastructure.AspNetCore.local.csproj", "{B1E3BA12-2B6C-423F-BE46-33918B569686}"
EndProject
Project("{FAE04EC0-301F-11D3-BF4B-00C04F79EFBC}") = "Hazina.Tools.TextExtraction.local", "src\Tools\Foundation\Hazina.Tools.TextExtraction\Hazina.Tools.TextExtraction.local.csproj", "{3D14D858-A3C2-407B-BA14-FCF3AA8C8584}"
EndProject
Project("{FAE04EC0-301F-11D3-BF4B-00C04F79EFBC}") = "Hazina.Tools.AI.Agents.local", "src\Tools\Foundation\Hazina.Tools.AI.Agents\Hazina.Tools.AI.Agents.local.csproj", "{97E6DBAC-5875-44EC-A86D-D779B374A2AB}"
EndProject
Project("{FAE04EC0-301F-11D3-BF4B-00C04F79EFBC}") = "Hazina.Tools.Core.local", "src\Tools\Foundation\Hazina.Tools.Core\Hazina.Tools.Core.local.csproj", "{6CFC9678-39F3-4BE0-82A9-C622E438ACB3}"
EndProject
Project("{FAE04EC0-301F-11D3-BF4B-00C04F79EFBC}") = "Hazina.Tools.Models.local", "src\Tools\Foundation\Hazina.Tools.Models\Hazina.Tools.Models.local.csproj", "{953FB8CD-2F0A-47E4-935D-B57F0E14D8B2}"
EndProject
Project("{FAE04EC0-301F-11D3-BF4B-00C04F79EFBC}") = "Hazina.Tools.Data.local", "src\Tools\Foundation\Hazina.Tools.Data\Hazina.Tools.Data.local.csproj", "{E1F1B041-2AD5-4C11-83F7-1224F1C458DB}"
EndProject
Project("{FAE04EC0-301F-11D3-BF4B-00C04F79EFBC}") = "Hazina.Tools.Extensions", "src\Tools\Foundation\Hazina.Tools.Extensions\Hazina.Tools.Extensions.csproj", "{2E3F4A5B-6C7D-8E9F-0A1B-2C3D4E5F6A7B}"
EndProject
Project("{FAE04EC0-301F-11D3-BF4B-00C04F79EFBC}") = "Hazina.Tools.Services.BigQuery.local", "src\Tools\Services\Hazina.Tools.Services.BigQuery\Hazina.Tools.Services.BigQuery.local.csproj", "{A2EB2015-8331-4F98-BABE-E40A56729F0F}"
EndProject
Project("{FAE04EC0-301F-11D3-BF4B-00C04F79EFBC}") = "Hazina.Tools.Services.Embeddings.local", "src\Tools\Services\Hazina.Tools.Services.Embeddings\Hazina.Tools.Services.Embeddings.local.csproj", "{1B42AF08-A3F2-4FF8-8E3A-D50ACA8DD307}"
EndProject
Project("{FAE04EC0-301F-11D3-BF4B-00C04F79EFBC}") = "Hazina.Tools.Services.ContentRetrieval.local", "src\Tools\Services\Hazina.Tools.Services.ContentRetrieval\Hazina.Tools.Services.ContentRetrieval.local.csproj", "{A530B3E8-CFC9-493A-9417-F4459253AC34}"
EndProject
Project("{FAE04EC0-301F-11D3-BF4B-00C04F79EFBC}") = "Hazina.Tools.Services.Chat.local", "src\Tools\Services\Hazina.Tools.Services.Chat\Hazina.Tools.Services.Chat.local.csproj", "{C4DDB74E-6A25-4B71-98D9-0243C575C872}"
EndProject
Project("{FAE04EC0-301F-11D3-BF4B-00C04F79EFBC}") = "Hazina.Tools.Services.FileOps.local", "src\Tools\Services\Hazina.Tools.Services.FileOps\Hazina.Tools.Services.FileOps.local.csproj", "{C916955F-9C1A-4157-82FF-2DB87E023B84}"
EndProject
Project("{FAE04EC0-301F-11D3-BF4B-00C04F79EFBC}") = "Hazina.Tools.Services.Store.local", "src\Tools\Services\Hazina.Tools.Services.Store\Hazina.Tools.Services.Store.local.csproj", "{710D3E87-F29F-4611-95EB-4492CDE825F2}"
EndProject
Project("{FAE04EC0-301F-11D3-BF4B-00C04F79EFBC}") = "Hazina.Tools.Services.Social.local", "src\Tools\Services\Hazina.Tools.Services.Social\Hazina.Tools.Services.Social.local.csproj", "{FADAE9E5-6C33-4FDE-8B25-428E389B06E2}"
EndProject
Project("{FAE04EC0-301F-11D3-BF4B-00C04F79EFBC}") = "Hazina.Tools.Services.Prompts.local", "src\Tools\Services\Hazina.Tools.Services.Prompts\Hazina.Tools.Services.Prompts.local.csproj", "{D50C3DF5-9F3E-4EC0-9ACD-1F6CD689163D}"
EndProject
Project("{FAE04EC0-301F-11D3-BF4B-00C04F79EFBC}") = "Hazina.Tools.Services.Intake.local", "src\Tools\Services\Hazina.Tools.Services.Intake\Hazina.Tools.Services.Intake.local.csproj", "{04B1BA33-2878-4720-95D0-FBDE76DC8CAC}"
EndProject
Project("{FAE04EC0-301F-11D3-BF4B-00C04F79EFBC}") = "Hazina.Tools.Services.WordPress.local", "src\Tools\Services\Hazina.Tools.Services.WordPress\Hazina.Tools.Services.WordPress.local.csproj", "{AD9E334F-EBCA-4F44-B4E8-6F12BDC03408}"
EndProject
Project("{FAE04EC0-301F-11D3-BF4B-00C04F79EFBC}") = "Hazina.Tools.Services.Web.local", "src\Tools\Services\Hazina.Tools.Services.Web\Hazina.Tools.Services.Web.local.csproj", "{80D85051-A6CF-42DA-953B-F120810D979F}"
EndProject
Project("{FAE04EC0-301F-11D3-BF4B-00C04F79EFBC}") = "Hazina.Tools.Services.local", "src\Tools\Services\Hazina.Tools.Services\Hazina.Tools.Services.local.csproj", "{C23E726C-E8DF-4C24-99B3-1D0CAF7820C9}"
EndProject
Project("{FAE04EC0-301F-11D3-BF4B-00C04F79EFBC}") = "Hazina.Tools.Services.DataGathering.local", "src\Tools\Services\Hazina.Tools.Services.DataGathering\Hazina.Tools.Services.DataGathering.local.csproj", "{3691F72E-887D-4D4A-87B0-0A5BCF0F1220}"
EndProject
Project("{FAE04EC0-301F-11D3-BF4B-00C04F79EFBC}") = "Hazina.Tools.Common.Models.Tests", "Tests\Tools\Hazina.Tools.Common.Models.Tests\Hazina.Tools.Common.Models.Tests.csproj", "{7465FEC5-FEA8-4797-AFDC-D10D00DD5614}"
EndProject
Project("{FAE04EC0-301F-11D3-BF4B-00C04F79EFBC}") = "Hazina.Tools.Core.Tests", "Tests\Tools\Hazina.Tools.Core.Tests\Hazina.Tools.Core.Tests.csproj", "{42B6918B-1FDD-40CB-ACFE-ADCE0A273A2E}"
EndProject
Project("{FAE04EC0-301F-11D3-BF4B-00C04F79EFBC}") = "Hazina.Tools.Data.Tests", "Tests\Tools\Hazina.Tools.Data.Tests\Hazina.Tools.Data.Tests.csproj", "{F548EABB-218C-4FBA-979A-1A4DF92382B3}"
EndProject
Project("{FAE04EC0-301F-11D3-BF4B-00C04F79EFBC}") = "Hazina.Tools.Models.Tests", "Tests\Tools\Hazina.Tools.Models.Tests\Hazina.Tools.Models.Tests.csproj", "{138C8C98-D8AC-45A2-A477-C8E270BF5C91}"
EndProject
Project("{FAE04EC0-301F-11D3-BF4B-00C04F79EFBC}") = "Hazina.Tools.Services.BigQuery.Tests", "Tests\Tools\Hazina.Tools.Services.BigQuery.Tests\Hazina.Tools.Services.BigQuery.Tests.csproj", "{75A21A99-2AD0-40DF-8C60-BA8E103E9C84}"
EndProject
Project("{FAE04EC0-301F-11D3-BF4B-00C04F79EFBC}") = "Hazina.Tools.Services.Embeddings.Tests", "Tests\Tools\Hazina.Tools.Services.Embeddings.Tests\Hazina.Tools.Services.Embeddings.Tests.csproj", "{80106820-3D3B-4992-AEB1-8A1F26AD8D88}"
EndProject
Project("{FAE04EC0-301F-11D3-BF4B-00C04F79EFBC}") = "Hazina.Tools.Services.FileOps.Tests", "Tests\Tools\Hazina.Tools.Services.FileOps.Tests\Hazina.Tools.Services.FileOps.Tests.csproj", "{38A93930-3A58-418B-B299-8D987459C51D}"
EndProject
Project("{FAE04EC0-301F-11D3-BF4B-00C04F79EFBC}") = "Hazina.Tools.Services.Store.Tests", "Tests\Tools\Hazina.Tools.Services.Store.Tests\Hazina.Tools.Services.Store.Tests.csproj", "{BA3EC9CE-AB26-4032-A5FD-F5B87163CDD3}"
EndProject
Project("{FAE04EC0-301F-11D3-BF4B-00C04F79EFBC}") = "Hazina.Tools.TextExtraction.Tests", "Tests\Tools\Hazina.Tools.TextExtraction.Tests\Hazina.Tools.TextExtraction.Tests.csproj", "{C0B6B6BC-721A-497D-B639-C262EE28A715}"
EndProject
Project("{FAE04EC0-301F-11D3-BF4B-00C04F79EFBC}") = "Hazina.Tools.Services.Chat.Tests", "Tests\Tools\Hazina.Tools.Services.Chat.Tests\Hazina.Tools.Services.Chat.Tests.csproj", "{71800E45-1347-45FD-BFEA-32E725141DB3}"
EndProject
Project("{2150E333-8FDC-42A3-9474-1A3956D46DE8}") = "src", "src", "{827E0CD3-B72D-47B6-A68D-7590B98EB39B}"
EndProject
Project("{2150E333-8FDC-42A3-9474-1A3956D46DE8}") = "Core", "Core", "{8D626EA8-CB54-BC41-363A-217881BEBA6E}"
EndProject
Project("{2150E333-8FDC-42A3-9474-1A3956D46DE8}") = "Observability", "Observability", "{6B44B103-8444-A68E-72CD-545D71964A41}"
EndProject
Project("{FAE04EC0-301F-11D3-BF4B-00C04F79EFBC}") = "Hazina.Observability.LLMLogs", "src\Core\Observability\Hazina.Observability.LLMLogs\Hazina.Observability.LLMLogs.csproj", "{6E10C984-87F8-491B-9BCB-7F84784A1509}"
EndProject
Global
	GlobalSection(SolutionConfigurationPlatforms) = preSolution
		Debug|Any CPU = Debug|Any CPU
		Debug|x64 = Debug|x64
		Debug|x86 = Debug|x86
		Release|Any CPU = Release|Any CPU
		Release|x64 = Release|x64
		Release|x86 = Release|x86
	EndGlobalSection
	GlobalSection(ProjectConfigurationPlatforms) = postSolution
		{07689AC7-D81E-467A-BD94-DE504DF9DC60}.Debug|Any CPU.ActiveCfg = Debug|Any CPU
		{07689AC7-D81E-467A-BD94-DE504DF9DC60}.Debug|Any CPU.Build.0 = Debug|Any CPU
		{07689AC7-D81E-467A-BD94-DE504DF9DC60}.Debug|x64.ActiveCfg = Debug|Any CPU
		{07689AC7-D81E-467A-BD94-DE504DF9DC60}.Debug|x64.Build.0 = Debug|Any CPU
		{07689AC7-D81E-467A-BD94-DE504DF9DC60}.Debug|x86.ActiveCfg = Debug|Any CPU
		{07689AC7-D81E-467A-BD94-DE504DF9DC60}.Debug|x86.Build.0 = Debug|Any CPU
		{07689AC7-D81E-467A-BD94-DE504DF9DC60}.Release|Any CPU.ActiveCfg = Release|Any CPU
		{07689AC7-D81E-467A-BD94-DE504DF9DC60}.Release|Any CPU.Build.0 = Release|Any CPU
		{07689AC7-D81E-467A-BD94-DE504DF9DC60}.Release|x64.ActiveCfg = Release|Any CPU
		{07689AC7-D81E-467A-BD94-DE504DF9DC60}.Release|x64.Build.0 = Release|Any CPU
		{07689AC7-D81E-467A-BD94-DE504DF9DC60}.Release|x86.ActiveCfg = Release|Any CPU
		{07689AC7-D81E-467A-BD94-DE504DF9DC60}.Release|x86.Build.0 = Release|Any CPU
		{B1E3BA12-2B6C-423F-BE46-33918B569686}.Debug|Any CPU.ActiveCfg = Debug|Any CPU
		{B1E3BA12-2B6C-423F-BE46-33918B569686}.Debug|Any CPU.Build.0 = Debug|Any CPU
		{B1E3BA12-2B6C-423F-BE46-33918B569686}.Debug|x64.ActiveCfg = Debug|Any CPU
		{B1E3BA12-2B6C-423F-BE46-33918B569686}.Debug|x64.Build.0 = Debug|Any CPU
		{B1E3BA12-2B6C-423F-BE46-33918B569686}.Debug|x86.ActiveCfg = Debug|Any CPU
		{B1E3BA12-2B6C-423F-BE46-33918B569686}.Debug|x86.Build.0 = Debug|Any CPU
		{B1E3BA12-2B6C-423F-BE46-33918B569686}.Release|Any CPU.ActiveCfg = Release|Any CPU
		{B1E3BA12-2B6C-423F-BE46-33918B569686}.Release|Any CPU.Build.0 = Release|Any CPU
		{B1E3BA12-2B6C-423F-BE46-33918B569686}.Release|x64.ActiveCfg = Release|Any CPU
		{B1E3BA12-2B6C-423F-BE46-33918B569686}.Release|x64.Build.0 = Release|Any CPU
		{B1E3BA12-2B6C-423F-BE46-33918B569686}.Release|x86.ActiveCfg = Release|Any CPU
		{B1E3BA12-2B6C-423F-BE46-33918B569686}.Release|x86.Build.0 = Release|Any CPU
		{3D14D858-A3C2-407B-BA14-FCF3AA8C8584}.Debug|Any CPU.ActiveCfg = Debug|Any CPU
		{3D14D858-A3C2-407B-BA14-FCF3AA8C8584}.Debug|Any CPU.Build.0 = Debug|Any CPU
		{3D14D858-A3C2-407B-BA14-FCF3AA8C8584}.Debug|x64.ActiveCfg = Debug|Any CPU
		{3D14D858-A3C2-407B-BA14-FCF3AA8C8584}.Debug|x64.Build.0 = Debug|Any CPU
		{3D14D858-A3C2-407B-BA14-FCF3AA8C8584}.Debug|x86.ActiveCfg = Debug|Any CPU
		{3D14D858-A3C2-407B-BA14-FCF3AA8C8584}.Debug|x86.Build.0 = Debug|Any CPU
		{3D14D858-A3C2-407B-BA14-FCF3AA8C8584}.Release|Any CPU.ActiveCfg = Release|Any CPU
		{3D14D858-A3C2-407B-BA14-FCF3AA8C8584}.Release|Any CPU.Build.0 = Release|Any CPU
		{3D14D858-A3C2-407B-BA14-FCF3AA8C8584}.Release|x64.ActiveCfg = Release|Any CPU
		{3D14D858-A3C2-407B-BA14-FCF3AA8C8584}.Release|x64.Build.0 = Release|Any CPU
		{3D14D858-A3C2-407B-BA14-FCF3AA8C8584}.Release|x86.ActiveCfg = Release|Any CPU
		{3D14D858-A3C2-407B-BA14-FCF3AA8C8584}.Release|x86.Build.0 = Release|Any CPU
		{97E6DBAC-5875-44EC-A86D-D779B374A2AB}.Debug|Any CPU.ActiveCfg = Debug|Any CPU
		{97E6DBAC-5875-44EC-A86D-D779B374A2AB}.Debug|Any CPU.Build.0 = Debug|Any CPU
		{97E6DBAC-5875-44EC-A86D-D779B374A2AB}.Debug|x64.ActiveCfg = Debug|Any CPU
		{97E6DBAC-5875-44EC-A86D-D779B374A2AB}.Debug|x64.Build.0 = Debug|Any CPU
		{97E6DBAC-5875-44EC-A86D-D779B374A2AB}.Debug|x86.ActiveCfg = Debug|Any CPU
		{97E6DBAC-5875-44EC-A86D-D779B374A2AB}.Debug|x86.Build.0 = Debug|Any CPU
		{97E6DBAC-5875-44EC-A86D-D779B374A2AB}.Release|Any CPU.ActiveCfg = Release|Any CPU
		{97E6DBAC-5875-44EC-A86D-D779B374A2AB}.Release|Any CPU.Build.0 = Release|Any CPU
		{97E6DBAC-5875-44EC-A86D-D779B374A2AB}.Release|x64.ActiveCfg = Release|Any CPU
		{97E6DBAC-5875-44EC-A86D-D779B374A2AB}.Release|x64.Build.0 = Release|Any CPU
		{97E6DBAC-5875-44EC-A86D-D779B374A2AB}.Release|x86.ActiveCfg = Release|Any CPU
		{97E6DBAC-5875-44EC-A86D-D779B374A2AB}.Release|x86.Build.0 = Release|Any CPU
		{6CFC9678-39F3-4BE0-82A9-C622E438ACB3}.Debug|Any CPU.ActiveCfg = Debug|Any CPU
		{6CFC9678-39F3-4BE0-82A9-C622E438ACB3}.Debug|Any CPU.Build.0 = Debug|Any CPU
		{6CFC9678-39F3-4BE0-82A9-C622E438ACB3}.Debug|x64.ActiveCfg = Debug|Any CPU
		{6CFC9678-39F3-4BE0-82A9-C622E438ACB3}.Debug|x64.Build.0 = Debug|Any CPU
		{6CFC9678-39F3-4BE0-82A9-C622E438ACB3}.Debug|x86.ActiveCfg = Debug|Any CPU
		{6CFC9678-39F3-4BE0-82A9-C622E438ACB3}.Debug|x86.Build.0 = Debug|Any CPU
		{6CFC9678-39F3-4BE0-82A9-C622E438ACB3}.Release|Any CPU.ActiveCfg = Release|Any CPU
		{6CFC9678-39F3-4BE0-82A9-C622E438ACB3}.Release|Any CPU.Build.0 = Release|Any CPU
		{6CFC9678-39F3-4BE0-82A9-C622E438ACB3}.Release|x64.ActiveCfg = Release|Any CPU
		{6CFC9678-39F3-4BE0-82A9-C622E438ACB3}.Release|x64.Build.0 = Release|Any CPU
		{6CFC9678-39F3-4BE0-82A9-C622E438ACB3}.Release|x86.ActiveCfg = Release|Any CPU
		{6CFC9678-39F3-4BE0-82A9-C622E438ACB3}.Release|x86.Build.0 = Release|Any CPU
		{953FB8CD-2F0A-47E4-935D-B57F0E14D8B2}.Debug|Any CPU.ActiveCfg = Debug|Any CPU
		{953FB8CD-2F0A-47E4-935D-B57F0E14D8B2}.Debug|Any CPU.Build.0 = Debug|Any CPU
		{953FB8CD-2F0A-47E4-935D-B57F0E14D8B2}.Debug|x64.ActiveCfg = Debug|Any CPU
		{953FB8CD-2F0A-47E4-935D-B57F0E14D8B2}.Debug|x64.Build.0 = Debug|Any CPU
		{953FB8CD-2F0A-47E4-935D-B57F0E14D8B2}.Debug|x86.ActiveCfg = Debug|Any CPU
		{953FB8CD-2F0A-47E4-935D-B57F0E14D8B2}.Debug|x86.Build.0 = Debug|Any CPU
		{953FB8CD-2F0A-47E4-935D-B57F0E14D8B2}.Release|Any CPU.ActiveCfg = Release|Any CPU
		{953FB8CD-2F0A-47E4-935D-B57F0E14D8B2}.Release|Any CPU.Build.0 = Release|Any CPU
		{953FB8CD-2F0A-47E4-935D-B57F0E14D8B2}.Release|x64.ActiveCfg = Release|Any CPU
		{953FB8CD-2F0A-47E4-935D-B57F0E14D8B2}.Release|x64.Build.0 = Release|Any CPU
		{953FB8CD-2F0A-47E4-935D-B57F0E14D8B2}.Release|x86.ActiveCfg = Release|Any CPU
		{953FB8CD-2F0A-47E4-935D-B57F0E14D8B2}.Release|x86.Build.0 = Release|Any CPU
		{E1F1B041-2AD5-4C11-83F7-1224F1C458DB}.Debug|Any CPU.ActiveCfg = Debug|Any CPU
		{E1F1B041-2AD5-4C11-83F7-1224F1C458DB}.Debug|Any CPU.Build.0 = Debug|Any CPU
		{E1F1B041-2AD5-4C11-83F7-1224F1C458DB}.Debug|x64.ActiveCfg = Debug|Any CPU
		{E1F1B041-2AD5-4C11-83F7-1224F1C458DB}.Debug|x64.Build.0 = Debug|Any CPU
		{E1F1B041-2AD5-4C11-83F7-1224F1C458DB}.Debug|x86.ActiveCfg = Debug|Any CPU
		{E1F1B041-2AD5-4C11-83F7-1224F1C458DB}.Debug|x86.Build.0 = Debug|Any CPU
		{E1F1B041-2AD5-4C11-83F7-1224F1C458DB}.Release|Any CPU.ActiveCfg = Release|Any CPU
		{E1F1B041-2AD5-4C11-83F7-1224F1C458DB}.Release|Any CPU.Build.0 = Release|Any CPU
		{E1F1B041-2AD5-4C11-83F7-1224F1C458DB}.Release|x64.ActiveCfg = Release|Any CPU
		{E1F1B041-2AD5-4C11-83F7-1224F1C458DB}.Release|x64.Build.0 = Release|Any CPU
		{E1F1B041-2AD5-4C11-83F7-1224F1C458DB}.Release|x86.ActiveCfg = Release|Any CPU
		{E1F1B041-2AD5-4C11-83F7-1224F1C458DB}.Release|x86.Build.0 = Release|Any CPU
		{2E3F4A5B-6C7D-8E9F-0A1B-2C3D4E5F6A7B}.Debug|Any CPU.ActiveCfg = Debug|Any CPU
		{2E3F4A5B-6C7D-8E9F-0A1B-2C3D4E5F6A7B}.Debug|Any CPU.Build.0 = Debug|Any CPU
		{2E3F4A5B-6C7D-8E9F-0A1B-2C3D4E5F6A7B}.Debug|x64.ActiveCfg = Debug|Any CPU
		{2E3F4A5B-6C7D-8E9F-0A1B-2C3D4E5F6A7B}.Debug|x64.Build.0 = Debug|Any CPU
		{2E3F4A5B-6C7D-8E9F-0A1B-2C3D4E5F6A7B}.Debug|x86.ActiveCfg = Debug|Any CPU
		{2E3F4A5B-6C7D-8E9F-0A1B-2C3D4E5F6A7B}.Debug|x86.Build.0 = Debug|Any CPU
		{2E3F4A5B-6C7D-8E9F-0A1B-2C3D4E5F6A7B}.Release|Any CPU.ActiveCfg = Release|Any CPU
		{2E3F4A5B-6C7D-8E9F-0A1B-2C3D4E5F6A7B}.Release|Any CPU.Build.0 = Release|Any CPU
		{2E3F4A5B-6C7D-8E9F-0A1B-2C3D4E5F6A7B}.Release|x64.ActiveCfg = Release|Any CPU
		{2E3F4A5B-6C7D-8E9F-0A1B-2C3D4E5F6A7B}.Release|x64.Build.0 = Release|Any CPU
		{2E3F4A5B-6C7D-8E9F-0A1B-2C3D4E5F6A7B}.Release|x86.ActiveCfg = Release|Any CPU
		{2E3F4A5B-6C7D-8E9F-0A1B-2C3D4E5F6A7B}.Release|x86.Build.0 = Release|Any CPU
		{A2EB2015-8331-4F98-BABE-E40A56729F0F}.Debug|Any CPU.ActiveCfg = Debug|Any CPU
		{A2EB2015-8331-4F98-BABE-E40A56729F0F}.Debug|Any CPU.Build.0 = Debug|Any CPU
		{A2EB2015-8331-4F98-BABE-E40A56729F0F}.Debug|x64.ActiveCfg = Debug|Any CPU
		{A2EB2015-8331-4F98-BABE-E40A56729F0F}.Debug|x64.Build.0 = Debug|Any CPU
		{A2EB2015-8331-4F98-BABE-E40A56729F0F}.Debug|x86.ActiveCfg = Debug|Any CPU
		{A2EB2015-8331-4F98-BABE-E40A56729F0F}.Debug|x86.Build.0 = Debug|Any CPU
		{A2EB2015-8331-4F98-BABE-E40A56729F0F}.Release|Any CPU.ActiveCfg = Release|Any CPU
		{A2EB2015-8331-4F98-BABE-E40A56729F0F}.Release|Any CPU.Build.0 = Release|Any CPU
		{A2EB2015-8331-4F98-BABE-E40A56729F0F}.Release|x64.ActiveCfg = Release|Any CPU
		{A2EB2015-8331-4F98-BABE-E40A56729F0F}.Release|x64.Build.0 = Release|Any CPU
		{A2EB2015-8331-4F98-BABE-E40A56729F0F}.Release|x86.ActiveCfg = Release|Any CPU
		{A2EB2015-8331-4F98-BABE-E40A56729F0F}.Release|x86.Build.0 = Release|Any CPU
		{1B42AF08-A3F2-4FF8-8E3A-D50ACA8DD307}.Debug|Any CPU.ActiveCfg = Debug|Any CPU
		{1B42AF08-A3F2-4FF8-8E3A-D50ACA8DD307}.Debug|Any CPU.Build.0 = Debug|Any CPU
		{1B42AF08-A3F2-4FF8-8E3A-D50ACA8DD307}.Debug|x64.ActiveCfg = Debug|Any CPU
		{1B42AF08-A3F2-4FF8-8E3A-D50ACA8DD307}.Debug|x64.Build.0 = Debug|Any CPU
		{1B42AF08-A3F2-4FF8-8E3A-D50ACA8DD307}.Debug|x86.ActiveCfg = Debug|Any CPU
		{1B42AF08-A3F2-4FF8-8E3A-D50ACA8DD307}.Debug|x86.Build.0 = Debug|Any CPU
		{1B42AF08-A3F2-4FF8-8E3A-D50ACA8DD307}.Release|Any CPU.ActiveCfg = Release|Any CPU
		{1B42AF08-A3F2-4FF8-8E3A-D50ACA8DD307}.Release|Any CPU.Build.0 = Release|Any CPU
		{1B42AF08-A3F2-4FF8-8E3A-D50ACA8DD307}.Release|x64.ActiveCfg = Release|Any CPU
		{1B42AF08-A3F2-4FF8-8E3A-D50ACA8DD307}.Release|x64.Build.0 = Release|Any CPU
		{1B42AF08-A3F2-4FF8-8E3A-D50ACA8DD307}.Release|x86.ActiveCfg = Release|Any CPU
		{1B42AF08-A3F2-4FF8-8E3A-D50ACA8DD307}.Release|x86.Build.0 = Release|Any CPU
		{A530B3E8-CFC9-493A-9417-F4459253AC34}.Debug|Any CPU.ActiveCfg = Debug|Any CPU
		{A530B3E8-CFC9-493A-9417-F4459253AC34}.Debug|Any CPU.Build.0 = Debug|Any CPU
		{A530B3E8-CFC9-493A-9417-F4459253AC34}.Debug|x64.ActiveCfg = Debug|Any CPU
		{A530B3E8-CFC9-493A-9417-F4459253AC34}.Debug|x64.Build.0 = Debug|Any CPU
		{A530B3E8-CFC9-493A-9417-F4459253AC34}.Debug|x86.ActiveCfg = Debug|Any CPU
		{A530B3E8-CFC9-493A-9417-F4459253AC34}.Debug|x86.Build.0 = Debug|Any CPU
		{A530B3E8-CFC9-493A-9417-F4459253AC34}.Release|Any CPU.ActiveCfg = Release|Any CPU
		{A530B3E8-CFC9-493A-9417-F4459253AC34}.Release|Any CPU.Build.0 = Release|Any CPU
		{A530B3E8-CFC9-493A-9417-F4459253AC34}.Release|x64.ActiveCfg = Release|Any CPU
		{A530B3E8-CFC9-493A-9417-F4459253AC34}.Release|x64.Build.0 = Release|Any CPU
		{A530B3E8-CFC9-493A-9417-F4459253AC34}.Release|x86.ActiveCfg = Release|Any CPU
		{A530B3E8-CFC9-493A-9417-F4459253AC34}.Release|x86.Build.0 = Release|Any CPU
		{C4DDB74E-6A25-4B71-98D9-0243C575C872}.Debug|Any CPU.ActiveCfg = Debug|Any CPU
		{C4DDB74E-6A25-4B71-98D9-0243C575C872}.Debug|Any CPU.Build.0 = Debug|Any CPU
		{C4DDB74E-6A25-4B71-98D9-0243C575C872}.Debug|x64.ActiveCfg = Debug|Any CPU
		{C4DDB74E-6A25-4B71-98D9-0243C575C872}.Debug|x64.Build.0 = Debug|Any CPU
		{C4DDB74E-6A25-4B71-98D9-0243C575C872}.Debug|x86.ActiveCfg = Debug|Any CPU
		{C4DDB74E-6A25-4B71-98D9-0243C575C872}.Debug|x86.Build.0 = Debug|Any CPU
		{C4DDB74E-6A25-4B71-98D9-0243C575C872}.Release|Any CPU.ActiveCfg = Release|Any CPU
		{C4DDB74E-6A25-4B71-98D9-0243C575C872}.Release|Any CPU.Build.0 = Release|Any CPU
		{C4DDB74E-6A25-4B71-98D9-0243C575C872}.Release|x64.ActiveCfg = Release|Any CPU
		{C4DDB74E-6A25-4B71-98D9-0243C575C872}.Release|x64.Build.0 = Release|Any CPU
		{C4DDB74E-6A25-4B71-98D9-0243C575C872}.Release|x86.ActiveCfg = Release|Any CPU
		{C4DDB74E-6A25-4B71-98D9-0243C575C872}.Release|x86.Build.0 = Release|Any CPU
		{C916955F-9C1A-4157-82FF-2DB87E023B84}.Debug|Any CPU.ActiveCfg = Debug|Any CPU
		{C916955F-9C1A-4157-82FF-2DB87E023B84}.Debug|Any CPU.Build.0 = Debug|Any CPU
		{C916955F-9C1A-4157-82FF-2DB87E023B84}.Debug|x64.ActiveCfg = Debug|Any CPU
		{C916955F-9C1A-4157-82FF-2DB87E023B84}.Debug|x64.Build.0 = Debug|Any CPU
		{C916955F-9C1A-4157-82FF-2DB87E023B84}.Debug|x86.ActiveCfg = Debug|Any CPU
		{C916955F-9C1A-4157-82FF-2DB87E023B84}.Debug|x86.Build.0 = Debug|Any CPU
		{C916955F-9C1A-4157-82FF-2DB87E023B84}.Release|Any CPU.ActiveCfg = Release|Any CPU
		{C916955F-9C1A-4157-82FF-2DB87E023B84}.Release|Any CPU.Build.0 = Release|Any CPU
		{C916955F-9C1A-4157-82FF-2DB87E023B84}.Release|x64.ActiveCfg = Release|Any CPU
		{C916955F-9C1A-4157-82FF-2DB87E023B84}.Release|x64.Build.0 = Release|Any CPU
		{C916955F-9C1A-4157-82FF-2DB87E023B84}.Release|x86.ActiveCfg = Release|Any CPU
		{C916955F-9C1A-4157-82FF-2DB87E023B84}.Release|x86.Build.0 = Release|Any CPU
		{710D3E87-F29F-4611-95EB-4492CDE825F2}.Debug|Any CPU.ActiveCfg = Debug|Any CPU
		{710D3E87-F29F-4611-95EB-4492CDE825F2}.Debug|Any CPU.Build.0 = Debug|Any CPU
		{710D3E87-F29F-4611-95EB-4492CDE825F2}.Debug|x64.ActiveCfg = Debug|Any CPU
		{710D3E87-F29F-4611-95EB-4492CDE825F2}.Debug|x64.Build.0 = Debug|Any CPU
		{710D3E87-F29F-4611-95EB-4492CDE825F2}.Debug|x86.ActiveCfg = Debug|Any CPU
		{710D3E87-F29F-4611-95EB-4492CDE825F2}.Debug|x86.Build.0 = Debug|Any CPU
		{710D3E87-F29F-4611-95EB-4492CDE825F2}.Release|Any CPU.ActiveCfg = Release|Any CPU
		{710D3E87-F29F-4611-95EB-4492CDE825F2}.Release|Any CPU.Build.0 = Release|Any CPU
		{710D3E87-F29F-4611-95EB-4492CDE825F2}.Release|x64.ActiveCfg = Release|Any CPU
		{710D3E87-F29F-4611-95EB-4492CDE825F2}.Release|x64.Build.0 = Release|Any CPU
		{710D3E87-F29F-4611-95EB-4492CDE825F2}.Release|x86.ActiveCfg = Release|Any CPU
		{710D3E87-F29F-4611-95EB-4492CDE825F2}.Release|x86.Build.0 = Release|Any CPU
		{FADAE9E5-6C33-4FDE-8B25-428E389B06E2}.Debug|Any CPU.ActiveCfg = Debug|Any CPU
		{FADAE9E5-6C33-4FDE-8B25-428E389B06E2}.Debug|Any CPU.Build.0 = Debug|Any CPU
		{FADAE9E5-6C33-4FDE-8B25-428E389B06E2}.Debug|x64.ActiveCfg = Debug|Any CPU
		{FADAE9E5-6C33-4FDE-8B25-428E389B06E2}.Debug|x64.Build.0 = Debug|Any CPU
		{FADAE9E5-6C33-4FDE-8B25-428E389B06E2}.Debug|x86.ActiveCfg = Debug|Any CPU
		{FADAE9E5-6C33-4FDE-8B25-428E389B06E2}.Debug|x86.Build.0 = Debug|Any CPU
		{FADAE9E5-6C33-4FDE-8B25-428E389B06E2}.Release|Any CPU.ActiveCfg = Release|Any CPU
		{FADAE9E5-6C33-4FDE-8B25-428E389B06E2}.Release|Any CPU.Build.0 = Release|Any CPU
		{FADAE9E5-6C33-4FDE-8B25-428E389B06E2}.Release|x64.ActiveCfg = Release|Any CPU
		{FADAE9E5-6C33-4FDE-8B25-428E389B06E2}.Release|x64.Build.0 = Release|Any CPU
		{FADAE9E5-6C33-4FDE-8B25-428E389B06E2}.Release|x86.ActiveCfg = Release|Any CPU
		{FADAE9E5-6C33-4FDE-8B25-428E389B06E2}.Release|x86.Build.0 = Release|Any CPU
		{D50C3DF5-9F3E-4EC0-9ACD-1F6CD689163D}.Debug|Any CPU.ActiveCfg = Debug|Any CPU
		{D50C3DF5-9F3E-4EC0-9ACD-1F6CD689163D}.Debug|Any CPU.Build.0 = Debug|Any CPU
		{D50C3DF5-9F3E-4EC0-9ACD-1F6CD689163D}.Debug|x64.ActiveCfg = Debug|Any CPU
		{D50C3DF5-9F3E-4EC0-9ACD-1F6CD689163D}.Debug|x64.Build.0 = Debug|Any CPU
		{D50C3DF5-9F3E-4EC0-9ACD-1F6CD689163D}.Debug|x86.ActiveCfg = Debug|Any CPU
		{D50C3DF5-9F3E-4EC0-9ACD-1F6CD689163D}.Debug|x86.Build.0 = Debug|Any CPU
		{D50C3DF5-9F3E-4EC0-9ACD-1F6CD689163D}.Release|Any CPU.ActiveCfg = Release|Any CPU
		{D50C3DF5-9F3E-4EC0-9ACD-1F6CD689163D}.Release|Any CPU.Build.0 = Release|Any CPU
		{D50C3DF5-9F3E-4EC0-9ACD-1F6CD689163D}.Release|x64.ActiveCfg = Release|Any CPU
		{D50C3DF5-9F3E-4EC0-9ACD-1F6CD689163D}.Release|x64.Build.0 = Release|Any CPU
		{D50C3DF5-9F3E-4EC0-9ACD-1F6CD689163D}.Release|x86.ActiveCfg = Release|Any CPU
		{D50C3DF5-9F3E-4EC0-9ACD-1F6CD689163D}.Release|x86.Build.0 = Release|Any CPU
		{04B1BA33-2878-4720-95D0-FBDE76DC8CAC}.Debug|Any CPU.ActiveCfg = Debug|Any CPU
		{04B1BA33-2878-4720-95D0-FBDE76DC8CAC}.Debug|Any CPU.Build.0 = Debug|Any CPU
		{04B1BA33-2878-4720-95D0-FBDE76DC8CAC}.Debug|x64.ActiveCfg = Debug|Any CPU
		{04B1BA33-2878-4720-95D0-FBDE76DC8CAC}.Debug|x64.Build.0 = Debug|Any CPU
		{04B1BA33-2878-4720-95D0-FBDE76DC8CAC}.Debug|x86.ActiveCfg = Debug|Any CPU
		{04B1BA33-2878-4720-95D0-FBDE76DC8CAC}.Debug|x86.Build.0 = Debug|Any CPU
		{04B1BA33-2878-4720-95D0-FBDE76DC8CAC}.Release|Any CPU.ActiveCfg = Release|Any CPU
		{04B1BA33-2878-4720-95D0-FBDE76DC8CAC}.Release|Any CPU.Build.0 = Release|Any CPU
		{04B1BA33-2878-4720-95D0-FBDE76DC8CAC}.Release|x64.ActiveCfg = Release|Any CPU
		{04B1BA33-2878-4720-95D0-FBDE76DC8CAC}.Release|x64.Build.0 = Release|Any CPU
		{04B1BA33-2878-4720-95D0-FBDE76DC8CAC}.Release|x86.ActiveCfg = Release|Any CPU
		{04B1BA33-2878-4720-95D0-FBDE76DC8CAC}.Release|x86.Build.0 = Release|Any CPU
		{AD9E334F-EBCA-4F44-B4E8-6F12BDC03408}.Debug|Any CPU.ActiveCfg = Debug|Any CPU
		{AD9E334F-EBCA-4F44-B4E8-6F12BDC03408}.Debug|Any CPU.Build.0 = Debug|Any CPU
		{AD9E334F-EBCA-4F44-B4E8-6F12BDC03408}.Debug|x64.ActiveCfg = Debug|Any CPU
		{AD9E334F-EBCA-4F44-B4E8-6F12BDC03408}.Debug|x64.Build.0 = Debug|Any CPU
		{AD9E334F-EBCA-4F44-B4E8-6F12BDC03408}.Debug|x86.ActiveCfg = Debug|Any CPU
		{AD9E334F-EBCA-4F44-B4E8-6F12BDC03408}.Debug|x86.Build.0 = Debug|Any CPU
		{AD9E334F-EBCA-4F44-B4E8-6F12BDC03408}.Release|Any CPU.ActiveCfg = Release|Any CPU
		{AD9E334F-EBCA-4F44-B4E8-6F12BDC03408}.Release|Any CPU.Build.0 = Release|Any CPU
		{AD9E334F-EBCA-4F44-B4E8-6F12BDC03408}.Release|x64.ActiveCfg = Release|Any CPU
		{AD9E334F-EBCA-4F44-B4E8-6F12BDC03408}.Release|x64.Build.0 = Release|Any CPU
		{AD9E334F-EBCA-4F44-B4E8-6F12BDC03408}.Release|x86.ActiveCfg = Release|Any CPU
		{AD9E334F-EBCA-4F44-B4E8-6F12BDC03408}.Release|x86.Build.0 = Release|Any CPU
		{80D85051-A6CF-42DA-953B-F120810D979F}.Debug|Any CPU.ActiveCfg = Debug|Any CPU
		{80D85051-A6CF-42DA-953B-F120810D979F}.Debug|Any CPU.Build.0 = Debug|Any CPU
		{80D85051-A6CF-42DA-953B-F120810D979F}.Debug|x64.ActiveCfg = Debug|Any CPU
		{80D85051-A6CF-42DA-953B-F120810D979F}.Debug|x64.Build.0 = Debug|Any CPU
		{80D85051-A6CF-42DA-953B-F120810D979F}.Debug|x86.ActiveCfg = Debug|Any CPU
		{80D85051-A6CF-42DA-953B-F120810D979F}.Debug|x86.Build.0 = Debug|Any CPU
		{80D85051-A6CF-42DA-953B-F120810D979F}.Release|Any CPU.ActiveCfg = Release|Any CPU
		{80D85051-A6CF-42DA-953B-F120810D979F}.Release|Any CPU.Build.0 = Release|Any CPU
		{80D85051-A6CF-42DA-953B-F120810D979F}.Release|x64.ActiveCfg = Release|Any CPU
		{80D85051-A6CF-42DA-953B-F120810D979F}.Release|x64.Build.0 = Release|Any CPU
		{80D85051-A6CF-42DA-953B-F120810D979F}.Release|x86.ActiveCfg = Release|Any CPU
		{80D85051-A6CF-42DA-953B-F120810D979F}.Release|x86.Build.0 = Release|Any CPU
		{C23E726C-E8DF-4C24-99B3-1D0CAF7820C9}.Debug|Any CPU.ActiveCfg = Debug|Any CPU
		{C23E726C-E8DF-4C24-99B3-1D0CAF7820C9}.Debug|Any CPU.Build.0 = Debug|Any CPU
		{C23E726C-E8DF-4C24-99B3-1D0CAF7820C9}.Debug|x64.ActiveCfg = Debug|Any CPU
		{C23E726C-E8DF-4C24-99B3-1D0CAF7820C9}.Debug|x64.Build.0 = Debug|Any CPU
		{C23E726C-E8DF-4C24-99B3-1D0CAF7820C9}.Debug|x86.ActiveCfg = Debug|Any CPU
		{C23E726C-E8DF-4C24-99B3-1D0CAF7820C9}.Debug|x86.Build.0 = Debug|Any CPU
		{C23E726C-E8DF-4C24-99B3-1D0CAF7820C9}.Release|Any CPU.ActiveCfg = Release|Any CPU
		{C23E726C-E8DF-4C24-99B3-1D0CAF7820C9}.Release|Any CPU.Build.0 = Release|Any CPU
		{C23E726C-E8DF-4C24-99B3-1D0CAF7820C9}.Release|x64.ActiveCfg = Release|Any CPU
		{C23E726C-E8DF-4C24-99B3-1D0CAF7820C9}.Release|x64.Build.0 = Release|Any CPU
		{C23E726C-E8DF-4C24-99B3-1D0CAF7820C9}.Release|x86.ActiveCfg = Release|Any CPU
		{C23E726C-E8DF-4C24-99B3-1D0CAF7820C9}.Release|x86.Build.0 = Release|Any CPU
		{3691F72E-887D-4D4A-87B0-0A5BCF0F1220}.Debug|Any CPU.ActiveCfg = Debug|Any CPU
		{3691F72E-887D-4D4A-87B0-0A5BCF0F1220}.Debug|Any CPU.Build.0 = Debug|Any CPU
		{3691F72E-887D-4D4A-87B0-0A5BCF0F1220}.Debug|x64.ActiveCfg = Debug|Any CPU
		{3691F72E-887D-4D4A-87B0-0A5BCF0F1220}.Debug|x64.Build.0 = Debug|Any CPU
		{3691F72E-887D-4D4A-87B0-0A5BCF0F1220}.Debug|x86.ActiveCfg = Debug|Any CPU
		{3691F72E-887D-4D4A-87B0-0A5BCF0F1220}.Debug|x86.Build.0 = Debug|Any CPU
		{3691F72E-887D-4D4A-87B0-0A5BCF0F1220}.Release|Any CPU.ActiveCfg = Release|Any CPU
		{3691F72E-887D-4D4A-87B0-0A5BCF0F1220}.Release|Any CPU.Build.0 = Release|Any CPU
		{3691F72E-887D-4D4A-87B0-0A5BCF0F1220}.Release|x64.ActiveCfg = Release|Any CPU
		{3691F72E-887D-4D4A-87B0-0A5BCF0F1220}.Release|x64.Build.0 = Release|Any CPU
		{3691F72E-887D-4D4A-87B0-0A5BCF0F1220}.Release|x86.ActiveCfg = Release|Any CPU
		{3691F72E-887D-4D4A-87B0-0A5BCF0F1220}.Release|x86.Build.0 = Release|Any CPU
		{7465FEC5-FEA8-4797-AFDC-D10D00DD5614}.Debug|Any CPU.ActiveCfg = Debug|Any CPU
		{7465FEC5-FEA8-4797-AFDC-D10D00DD5614}.Debug|Any CPU.Build.0 = Debug|Any CPU
		{7465FEC5-FEA8-4797-AFDC-D10D00DD5614}.Debug|x64.ActiveCfg = Debug|Any CPU
		{7465FEC5-FEA8-4797-AFDC-D10D00DD5614}.Debug|x64.Build.0 = Debug|Any CPU
		{7465FEC5-FEA8-4797-AFDC-D10D00DD5614}.Debug|x86.ActiveCfg = Debug|Any CPU
		{7465FEC5-FEA8-4797-AFDC-D10D00DD5614}.Debug|x86.Build.0 = Debug|Any CPU
		{7465FEC5-FEA8-4797-AFDC-D10D00DD5614}.Release|Any CPU.ActiveCfg = Release|Any CPU
		{7465FEC5-FEA8-4797-AFDC-D10D00DD5614}.Release|Any CPU.Build.0 = Release|Any CPU
		{7465FEC5-FEA8-4797-AFDC-D10D00DD5614}.Release|x64.ActiveCfg = Release|Any CPU
		{7465FEC5-FEA8-4797-AFDC-D10D00DD5614}.Release|x64.Build.0 = Release|Any CPU
		{7465FEC5-FEA8-4797-AFDC-D10D00DD5614}.Release|x86.ActiveCfg = Release|Any CPU
		{7465FEC5-FEA8-4797-AFDC-D10D00DD5614}.Release|x86.Build.0 = Release|Any CPU
		{42B6918B-1FDD-40CB-ACFE-ADCE0A273A2E}.Debug|Any CPU.ActiveCfg = Debug|Any CPU
		{42B6918B-1FDD-40CB-ACFE-ADCE0A273A2E}.Debug|Any CPU.Build.0 = Debug|Any CPU
		{42B6918B-1FDD-40CB-ACFE-ADCE0A273A2E}.Debug|x64.ActiveCfg = Debug|Any CPU
		{42B6918B-1FDD-40CB-ACFE-ADCE0A273A2E}.Debug|x64.Build.0 = Debug|Any CPU
		{42B6918B-1FDD-40CB-ACFE-ADCE0A273A2E}.Debug|x86.ActiveCfg = Debug|Any CPU
		{42B6918B-1FDD-40CB-ACFE-ADCE0A273A2E}.Debug|x86.Build.0 = Debug|Any CPU
		{42B6918B-1FDD-40CB-ACFE-ADCE0A273A2E}.Release|Any CPU.ActiveCfg = Release|Any CPU
		{42B6918B-1FDD-40CB-ACFE-ADCE0A273A2E}.Release|Any CPU.Build.0 = Release|Any CPU
		{42B6918B-1FDD-40CB-ACFE-ADCE0A273A2E}.Release|x64.ActiveCfg = Release|Any CPU
		{42B6918B-1FDD-40CB-ACFE-ADCE0A273A2E}.Release|x64.Build.0 = Release|Any CPU
		{42B6918B-1FDD-40CB-ACFE-ADCE0A273A2E}.Release|x86.ActiveCfg = Release|Any CPU
		{42B6918B-1FDD-40CB-ACFE-ADCE0A273A2E}.Release|x86.Build.0 = Release|Any CPU
		{F548EABB-218C-4FBA-979A-1A4DF92382B3}.Debug|Any CPU.ActiveCfg = Debug|Any CPU
		{F548EABB-218C-4FBA-979A-1A4DF92382B3}.Debug|Any CPU.Build.0 = Debug|Any CPU
		{F548EABB-218C-4FBA-979A-1A4DF92382B3}.Debug|x64.ActiveCfg = Debug|Any CPU
		{F548EABB-218C-4FBA-979A-1A4DF92382B3}.Debug|x64.Build.0 = Debug|Any CPU
		{F548EABB-218C-4FBA-979A-1A4DF92382B3}.Debug|x86.ActiveCfg = Debug|Any CPU
		{F548EABB-218C-4FBA-979A-1A4DF92382B3}.Debug|x86.Build.0 = Debug|Any CPU
		{F548EABB-218C-4FBA-979A-1A4DF92382B3}.Release|Any CPU.ActiveCfg = Release|Any CPU
		{F548EABB-218C-4FBA-979A-1A4DF92382B3}.Release|Any CPU.Build.0 = Release|Any CPU
		{F548EABB-218C-4FBA-979A-1A4DF92382B3}.Release|x64.ActiveCfg = Release|Any CPU
		{F548EABB-218C-4FBA-979A-1A4DF92382B3}.Release|x64.Build.0 = Release|Any CPU
		{F548EABB-218C-4FBA-979A-1A4DF92382B3}.Release|x86.ActiveCfg = Release|Any CPU
		{F548EABB-218C-4FBA-979A-1A4DF92382B3}.Release|x86.Build.0 = Release|Any CPU
		{138C8C98-D8AC-45A2-A477-C8E270BF5C91}.Debug|Any CPU.ActiveCfg = Debug|Any CPU
		{138C8C98-D8AC-45A2-A477-C8E270BF5C91}.Debug|Any CPU.Build.0 = Debug|Any CPU
		{138C8C98-D8AC-45A2-A477-C8E270BF5C91}.Debug|x64.ActiveCfg = Debug|Any CPU
		{138C8C98-D8AC-45A2-A477-C8E270BF5C91}.Debug|x64.Build.0 = Debug|Any CPU
		{138C8C98-D8AC-45A2-A477-C8E270BF5C91}.Debug|x86.ActiveCfg = Debug|Any CPU
		{138C8C98-D8AC-45A2-A477-C8E270BF5C91}.Debug|x86.Build.0 = Debug|Any CPU
		{138C8C98-D8AC-45A2-A477-C8E270BF5C91}.Release|Any CPU.ActiveCfg = Release|Any CPU
		{138C8C98-D8AC-45A2-A477-C8E270BF5C91}.Release|Any CPU.Build.0 = Release|Any CPU
		{138C8C98-D8AC-45A2-A477-C8E270BF5C91}.Release|x64.ActiveCfg = Release|Any CPU
		{138C8C98-D8AC-45A2-A477-C8E270BF5C91}.Release|x64.Build.0 = Release|Any CPU
		{138C8C98-D8AC-45A2-A477-C8E270BF5C91}.Release|x86.ActiveCfg = Release|Any CPU
		{138C8C98-D8AC-45A2-A477-C8E270BF5C91}.Release|x86.Build.0 = Release|Any CPU
		{75A21A99-2AD0-40DF-8C60-BA8E103E9C84}.Debug|Any CPU.ActiveCfg = Debug|Any CPU
		{75A21A99-2AD0-40DF-8C60-BA8E103E9C84}.Debug|Any CPU.Build.0 = Debug|Any CPU
		{75A21A99-2AD0-40DF-8C60-BA8E103E9C84}.Debug|x64.ActiveCfg = Debug|Any CPU
		{75A21A99-2AD0-40DF-8C60-BA8E103E9C84}.Debug|x64.Build.0 = Debug|Any CPU
		{75A21A99-2AD0-40DF-8C60-BA8E103E9C84}.Debug|x86.ActiveCfg = Debug|Any CPU
		{75A21A99-2AD0-40DF-8C60-BA8E103E9C84}.Debug|x86.Build.0 = Debug|Any CPU
		{75A21A99-2AD0-40DF-8C60-BA8E103E9C84}.Release|Any CPU.ActiveCfg = Release|Any CPU
		{75A21A99-2AD0-40DF-8C60-BA8E103E9C84}.Release|Any CPU.Build.0 = Release|Any CPU
		{75A21A99-2AD0-40DF-8C60-BA8E103E9C84}.Release|x64.ActiveCfg = Release|Any CPU
		{75A21A99-2AD0-40DF-8C60-BA8E103E9C84}.Release|x64.Build.0 = Release|Any CPU
		{75A21A99-2AD0-40DF-8C60-BA8E103E9C84}.Release|x86.ActiveCfg = Release|Any CPU
		{75A21A99-2AD0-40DF-8C60-BA8E103E9C84}.Release|x86.Build.0 = Release|Any CPU
		{80106820-3D3B-4992-AEB1-8A1F26AD8D88}.Debug|Any CPU.ActiveCfg = Debug|Any CPU
		{80106820-3D3B-4992-AEB1-8A1F26AD8D88}.Debug|Any CPU.Build.0 = Debug|Any CPU
		{80106820-3D3B-4992-AEB1-8A1F26AD8D88}.Debug|x64.ActiveCfg = Debug|Any CPU
		{80106820-3D3B-4992-AEB1-8A1F26AD8D88}.Debug|x64.Build.0 = Debug|Any CPU
		{80106820-3D3B-4992-AEB1-8A1F26AD8D88}.Debug|x86.ActiveCfg = Debug|Any CPU
		{80106820-3D3B-4992-AEB1-8A1F26AD8D88}.Debug|x86.Build.0 = Debug|Any CPU
		{80106820-3D3B-4992-AEB1-8A1F26AD8D88}.Release|Any CPU.ActiveCfg = Release|Any CPU
		{80106820-3D3B-4992-AEB1-8A1F26AD8D88}.Release|Any CPU.Build.0 = Release|Any CPU
		{80106820-3D3B-4992-AEB1-8A1F26AD8D88}.Release|x64.ActiveCfg = Release|Any CPU
		{80106820-3D3B-4992-AEB1-8A1F26AD8D88}.Release|x64.Build.0 = Release|Any CPU
		{80106820-3D3B-4992-AEB1-8A1F26AD8D88}.Release|x86.ActiveCfg = Release|Any CPU
		{80106820-3D3B-4992-AEB1-8A1F26AD8D88}.Release|x86.Build.0 = Release|Any CPU
		{38A93930-3A58-418B-B299-8D987459C51D}.Debug|Any CPU.ActiveCfg = Debug|Any CPU
		{38A93930-3A58-418B-B299-8D987459C51D}.Debug|Any CPU.Build.0 = Debug|Any CPU
		{38A93930-3A58-418B-B299-8D987459C51D}.Debug|x64.ActiveCfg = Debug|Any CPU
		{38A93930-3A58-418B-B299-8D987459C51D}.Debug|x64.Build.0 = Debug|Any CPU
		{38A93930-3A58-418B-B299-8D987459C51D}.Debug|x86.ActiveCfg = Debug|Any CPU
		{38A93930-3A58-418B-B299-8D987459C51D}.Debug|x86.Build.0 = Debug|Any CPU
		{38A93930-3A58-418B-B299-8D987459C51D}.Release|Any CPU.ActiveCfg = Release|Any CPU
		{38A93930-3A58-418B-B299-8D987459C51D}.Release|Any CPU.Build.0 = Release|Any CPU
		{38A93930-3A58-418B-B299-8D987459C51D}.Release|x64.ActiveCfg = Release|Any CPU
		{38A93930-3A58-418B-B299-8D987459C51D}.Release|x64.Build.0 = Release|Any CPU
		{38A93930-3A58-418B-B299-8D987459C51D}.Release|x86.ActiveCfg = Release|Any CPU
		{38A93930-3A58-418B-B299-8D987459C51D}.Release|x86.Build.0 = Release|Any CPU
		{BA3EC9CE-AB26-4032-A5FD-F5B87163CDD3}.Debug|Any CPU.ActiveCfg = Debug|Any CPU
		{BA3EC9CE-AB26-4032-A5FD-F5B87163CDD3}.Debug|Any CPU.Build.0 = Debug|Any CPU
		{BA3EC9CE-AB26-4032-A5FD-F5B87163CDD3}.Debug|x64.ActiveCfg = Debug|Any CPU
		{BA3EC9CE-AB26-4032-A5FD-F5B87163CDD3}.Debug|x64.Build.0 = Debug|Any CPU
		{BA3EC9CE-AB26-4032-A5FD-F5B87163CDD3}.Debug|x86.ActiveCfg = Debug|Any CPU
		{BA3EC9CE-AB26-4032-A5FD-F5B87163CDD3}.Debug|x86.Build.0 = Debug|Any CPU
		{BA3EC9CE-AB26-4032-A5FD-F5B87163CDD3}.Release|Any CPU.ActiveCfg = Release|Any CPU
		{BA3EC9CE-AB26-4032-A5FD-F5B87163CDD3}.Release|Any CPU.Build.0 = Release|Any CPU
		{BA3EC9CE-AB26-4032-A5FD-F5B87163CDD3}.Release|x64.ActiveCfg = Release|Any CPU
		{BA3EC9CE-AB26-4032-A5FD-F5B87163CDD3}.Release|x64.Build.0 = Release|Any CPU
		{BA3EC9CE-AB26-4032-A5FD-F5B87163CDD3}.Release|x86.ActiveCfg = Release|Any CPU
		{BA3EC9CE-AB26-4032-A5FD-F5B87163CDD3}.Release|x86.Build.0 = Release|Any CPU
		{C0B6B6BC-721A-497D-B639-C262EE28A715}.Debug|Any CPU.ActiveCfg = Debug|Any CPU
		{C0B6B6BC-721A-497D-B639-C262EE28A715}.Debug|Any CPU.Build.0 = Debug|Any CPU
		{C0B6B6BC-721A-497D-B639-C262EE28A715}.Debug|x64.ActiveCfg = Debug|Any CPU
		{C0B6B6BC-721A-497D-B639-C262EE28A715}.Debug|x64.Build.0 = Debug|Any CPU
		{C0B6B6BC-721A-497D-B639-C262EE28A715}.Debug|x86.ActiveCfg = Debug|Any CPU
		{C0B6B6BC-721A-497D-B639-C262EE28A715}.Debug|x86.Build.0 = Debug|Any CPU
		{C0B6B6BC-721A-497D-B639-C262EE28A715}.Release|Any CPU.ActiveCfg = Release|Any CPU
		{C0B6B6BC-721A-497D-B639-C262EE28A715}.Release|Any CPU.Build.0 = Release|Any CPU
		{C0B6B6BC-721A-497D-B639-C262EE28A715}.Release|x64.ActiveCfg = Release|Any CPU
		{C0B6B6BC-721A-497D-B639-C262EE28A715}.Release|x64.Build.0 = Release|Any CPU
		{C0B6B6BC-721A-497D-B639-C262EE28A715}.Release|x86.ActiveCfg = Release|Any CPU
		{C0B6B6BC-721A-497D-B639-C262EE28A715}.Release|x86.Build.0 = Release|Any CPU
		{71800E45-1347-45FD-BFEA-32E725141DB3}.Debug|Any CPU.ActiveCfg = Debug|Any CPU
		{71800E45-1347-45FD-BFEA-32E725141DB3}.Debug|Any CPU.Build.0 = Debug|Any CPU
		{71800E45-1347-45FD-BFEA-32E725141DB3}.Debug|x64.ActiveCfg = Debug|Any CPU
		{71800E45-1347-45FD-BFEA-32E725141DB3}.Debug|x64.Build.0 = Debug|Any CPU
		{71800E45-1347-45FD-BFEA-32E725141DB3}.Debug|x86.ActiveCfg = Debug|Any CPU
		{71800E45-1347-45FD-BFEA-32E725141DB3}.Debug|x86.Build.0 = Debug|Any CPU
		{71800E45-1347-45FD-BFEA-32E725141DB3}.Release|Any CPU.ActiveCfg = Release|Any CPU
		{71800E45-1347-45FD-BFEA-32E725141DB3}.Release|Any CPU.Build.0 = Release|Any CPU
		{71800E45-1347-45FD-BFEA-32E725141DB3}.Release|x64.ActiveCfg = Release|Any CPU
		{71800E45-1347-45FD-BFEA-32E725141DB3}.Release|x64.Build.0 = Release|Any CPU
		{71800E45-1347-45FD-BFEA-32E725141DB3}.Release|x86.ActiveCfg = Release|Any CPU
		{71800E45-1347-45FD-BFEA-32E725141DB3}.Release|x86.Build.0 = Release|Any CPU
		{6E10C984-87F8-491B-9BCB-7F84784A1509}.Debug|Any CPU.ActiveCfg = Debug|Any CPU
		{6E10C984-87F8-491B-9BCB-7F84784A1509}.Debug|Any CPU.Build.0 = Debug|Any CPU
		{6E10C984-87F8-491B-9BCB-7F84784A1509}.Debug|x64.ActiveCfg = Debug|Any CPU
		{6E10C984-87F8-491B-9BCB-7F84784A1509}.Debug|x64.Build.0 = Debug|Any CPU
		{6E10C984-87F8-491B-9BCB-7F84784A1509}.Debug|x86.ActiveCfg = Debug|Any CPU
		{6E10C984-87F8-491B-9BCB-7F84784A1509}.Debug|x86.Build.0 = Debug|Any CPU
		{6E10C984-87F8-491B-9BCB-7F84784A1509}.Release|Any CPU.ActiveCfg = Release|Any CPU
		{6E10C984-87F8-491B-9BCB-7F84784A1509}.Release|Any CPU.Build.0 = Release|Any CPU
		{6E10C984-87F8-491B-9BCB-7F84784A1509}.Release|x64.ActiveCfg = Release|Any CPU
		{6E10C984-87F8-491B-9BCB-7F84784A1509}.Release|x64.Build.0 = Release|Any CPU
		{6E10C984-87F8-491B-9BCB-7F84784A1509}.Release|x86.ActiveCfg = Release|Any CPU
		{6E10C984-87F8-491B-9BCB-7F84784A1509}.Release|x86.Build.0 = Release|Any CPU
	EndGlobalSection
	GlobalSection(SolutionProperties) = preSolution
		HideSolutionNode = FALSE
	EndGlobalSection
	GlobalSection(NestedProjects) = preSolution
		{07689AC7-D81E-467A-BD94-DE504DF9DC60} = {881589EE-639B-0A35-DBCE-5D94E4FC90C0}
		{B1E3BA12-2B6C-423F-BE46-33918B569686} = {881589EE-639B-0A35-DBCE-5D94E4FC90C0}
		{3D14D858-A3C2-407B-BA14-FCF3AA8C8584} = {F8A1E2D3-4B5C-6A7D-8E9F-0A1B2C3D4E5F}
		{97E6DBAC-5875-44EC-A86D-D779B374A2AB} = {F8A1E2D3-4B5C-6A7D-8E9F-0A1B2C3D4E5F}
		{6CFC9678-39F3-4BE0-82A9-C622E438ACB3} = {F8A1E2D3-4B5C-6A7D-8E9F-0A1B2C3D4E5F}
		{953FB8CD-2F0A-47E4-935D-B57F0E14D8B2} = {F8A1E2D3-4B5C-6A7D-8E9F-0A1B2C3D4E5F}
		{E1F1B041-2AD5-4C11-83F7-1224F1C458DB} = {F8A1E2D3-4B5C-6A7D-8E9F-0A1B2C3D4E5F}
		{2E3F4A5B-6C7D-8E9F-0A1B-2C3D4E5F6A7B} = {F8A1E2D3-4B5C-6A7D-8E9F-0A1B2C3D4E5F}
		{A2EB2015-8331-4F98-BABE-E40A56729F0F} = {A1B2C3D4-5E6F-7A8B-9C0D-1E2F3A4B5C6D}
		{1B42AF08-A3F2-4FF8-8E3A-D50ACA8DD307} = {A1B2C3D4-5E6F-7A8B-9C0D-1E2F3A4B5C6D}
		{A530B3E8-CFC9-493A-9417-F4459253AC34} = {A1B2C3D4-5E6F-7A8B-9C0D-1E2F3A4B5C6D}
		{C4DDB74E-6A25-4B71-98D9-0243C575C872} = {A1B2C3D4-5E6F-7A8B-9C0D-1E2F3A4B5C6D}
		{C916955F-9C1A-4157-82FF-2DB87E023B84} = {A1B2C3D4-5E6F-7A8B-9C0D-1E2F3A4B5C6D}
		{710D3E87-F29F-4611-95EB-4492CDE825F2} = {A1B2C3D4-5E6F-7A8B-9C0D-1E2F3A4B5C6D}
		{FADAE9E5-6C33-4FDE-8B25-428E389B06E2} = {A1B2C3D4-5E6F-7A8B-9C0D-1E2F3A4B5C6D}
		{D50C3DF5-9F3E-4EC0-9ACD-1F6CD689163D} = {A1B2C3D4-5E6F-7A8B-9C0D-1E2F3A4B5C6D}
		{04B1BA33-2878-4720-95D0-FBDE76DC8CAC} = {A1B2C3D4-5E6F-7A8B-9C0D-1E2F3A4B5C6D}
		{AD9E334F-EBCA-4F44-B4E8-6F12BDC03408} = {A1B2C3D4-5E6F-7A8B-9C0D-1E2F3A4B5C6D}
		{80D85051-A6CF-42DA-953B-F120810D979F} = {A1B2C3D4-5E6F-7A8B-9C0D-1E2F3A4B5C6D}
		{C23E726C-E8DF-4C24-99B3-1D0CAF7820C9} = {A1B2C3D4-5E6F-7A8B-9C0D-1E2F3A4B5C6D}
		{3691F72E-887D-4D4A-87B0-0A5BCF0F1220} = {A1B2C3D4-5E6F-7A8B-9C0D-1E2F3A4B5C6D}
		{7465FEC5-FEA8-4797-AFDC-D10D00DD5614} = {0AB3BF05-4346-4AA6-1389-037BE0695223}
		{42B6918B-1FDD-40CB-ACFE-ADCE0A273A2E} = {0AB3BF05-4346-4AA6-1389-037BE0695223}
		{F548EABB-218C-4FBA-979A-1A4DF92382B3} = {0AB3BF05-4346-4AA6-1389-037BE0695223}
		{138C8C98-D8AC-45A2-A477-C8E270BF5C91} = {0AB3BF05-4346-4AA6-1389-037BE0695223}
		{75A21A99-2AD0-40DF-8C60-BA8E103E9C84} = {0AB3BF05-4346-4AA6-1389-037BE0695223}
		{80106820-3D3B-4992-AEB1-8A1F26AD8D88} = {0AB3BF05-4346-4AA6-1389-037BE0695223}
		{38A93930-3A58-418B-B299-8D987459C51D} = {0AB3BF05-4346-4AA6-1389-037BE0695223}
		{BA3EC9CE-AB26-4032-A5FD-F5B87163CDD3} = {0AB3BF05-4346-4AA6-1389-037BE0695223}
		{C0B6B6BC-721A-497D-B639-C262EE28A715} = {0AB3BF05-4346-4AA6-1389-037BE0695223}
		{71800E45-1347-45FD-BFEA-32E725141DB3} = {0AB3BF05-4346-4AA6-1389-037BE0695223}
		{8D626EA8-CB54-BC41-363A-217881BEBA6E} = {827E0CD3-B72D-47B6-A68D-7590B98EB39B}
		{6B44B103-8444-A68E-72CD-545D71964A41} = {8D626EA8-CB54-BC41-363A-217881BEBA6E}
		{6E10C984-87F8-491B-9BCB-7F84784A1509} = {6B44B103-8444-A68E-72CD-545D71964A41}
	EndGlobalSection
EndGlobal
