
Microsoft Visual Studio Solution File, Format Version 12.00
# Visual Studio Version 17
VisualStudioVersion = 17.0.31903.59
MinimumVisualStudioVersion = 10.0.40219.1
Project("{2150E333-8FDC-42A3-9474-1A3956D46DE8}") = "src", "src", "{827E0CD3-B72D-47B6-A68D-7590B98EB39B}"
EndProject
Project("{2150E333-8FDC-42A3-9474-1A3956D46DE8}") = "Core", "Core", "{8D626EA8-CB54-BC41-363A-217881BEBA6E}"
EndProject
Project("{2150E333-8FDC-42A3-9474-1A3956D46DE8}") = "AI", "AI", "{B3DEAE7C-D310-C54E-D648-3D58CC2F7B10}"
EndProject
Project("{FAE04EC0-301F-11D3-BF4B-00C04F79EFBC}") = "Hazina.AI.FluentAPI", "src\Core\AI\Hazina.AI.FluentAPI\Hazina.AI.FluentAPI.csproj", "{06AD2AE7-8E8E-4F21-8677-4F6971640233}"
EndProject
Project("{FAE04EC0-301F-11D3-BF4B-00C04F79EFBC}") = "Hazina.AI.Providers", "src\Core\AI\Hazina.AI.Providers\Hazina.AI.Providers.csproj", "{521848C6-3C9B-473D-A4E8-F5F778EB3EBA}"
EndProject
Project("{FAE04EC0-301F-11D3-BF4B-00C04F79EFBC}") = "Hazina.Neurochain.Core", "src\Core\AI\Hazina.Neurochain.Core\Hazina.Neurochain.Core.csproj", "{23736ABA-6425-43BE-964E-DC0C089EDE94}"
EndProject
Project("{FAE04EC0-301F-11D3-BF4B-00C04F79EFBC}") = "Hazina.AI.RAG", "src\Core\AI\Hazina.AI.RAG\Hazina.AI.RAG.csproj", "{DC5930EA-762D-4692-B698-A4C7AB88F0D3}"
EndProject
Project("{FAE04EC0-301F-11D3-BF4B-00C04F79EFBC}") = "Hazina.AI.Agents", "src\Core\AI\Hazina.AI.Agents\Hazina.AI.Agents.csproj", "{7CC1F3E8-BDBE-454C-8241-B1E0F1629B83}"
EndProject
Project("{FAE04EC0-301F-11D3-BF4B-00C04F79EFBC}") = "Hazina.LLMs.OpenAI", "src\Core\LLMs.Providers\Hazina.LLMs.OpenAI\Hazina.LLMs.OpenAI.csproj", "{646050F8-185A-46CB-B63F-48E481542674}"
EndProject
Project("{FAE04EC0-301F-11D3-BF4B-00C04F79EFBC}") = "Hazina.LLMs.Anthropic", "src\Core\LLMs.Providers\Hazina.LLMs.Anthropic\Hazina.LLMs.Anthropic.csproj", "{D7908F58-141D-4E63-8975-62A8AB366CA5}"
EndProject
Project("{FAE04EC0-301F-11D3-BF4B-00C04F79EFBC}") = "Hazina.Store.EmbeddingStore", "src\Core\Storage\Hazina.Store.EmbeddingStore\Hazina.Store.EmbeddingStore.csproj", "{EE7F47CE-78BA-4036-946E-3F3EB7AB2C0F}"
EndProject
Project("{FAE04EC0-301F-11D3-BF4B-00C04F79EFBC}") = "Hazina.Store.DocumentStore", "src\Core\Storage\Hazina.Store.DocumentStore\Hazina.Store.DocumentStore.csproj", "{CD62D345-23A0-4554-9DCF-D2CEB85C1036}"
EndProject
Project("{FAE04EC0-301F-11D3-BF4B-00C04F79EFBC}") = "Hazina.Production.Monitoring", "src\Tools\Production\Hazina.Production.Monitoring\Hazina.Production.Monitoring.csproj", "{1377F79F-089C-4D76-A50B-D1D3FCF8547A}"
EndProject
Global
	GlobalSection(SolutionConfigurationPlatforms) = preSolution
		Debug|Any CPU = Debug|Any CPU
		Debug|x64 = Debug|x64
		Debug|x86 = Debug|x86
		Release|Any CPU = Release|Any CPU
		Release|x64 = Release|x64
		Release|x86 = Release|x86
	EndGlobalSection
	GlobalSection(ProjectConfigurationPlatforms) = postSolution
		{06AD2AE7-8E8E-4F21-8677-4F6971640233}.Debug|Any CPU.ActiveCfg = Debug|Any CPU
		{06AD2AE7-8E8E-4F21-8677-4F6971640233}.Debug|Any CPU.Build.0 = Debug|Any CPU
		{06AD2AE7-8E8E-4F21-8677-4F6971640233}.Debug|x64.ActiveCfg = Debug|Any CPU
		{06AD2AE7-8E8E-4F21-8677-4F6971640233}.Debug|x64.Build.0 = Debug|Any CPU
		{06AD2AE7-8E8E-4F21-8677-4F6971640233}.Debug|x86.ActiveCfg = Debug|Any CPU
		{06AD2AE7-8E8E-4F21-8677-4F6971640233}.Debug|x86.Build.0 = Debug|Any CPU
		{06AD2AE7-8E8E-4F21-8677-4F6971640233}.Release|Any CPU.ActiveCfg = Release|Any CPU
		{06AD2AE7-8E8E-4F21-8677-4F6971640233}.Release|Any CPU.Build.0 = Release|Any CPU
		{06AD2AE7-8E8E-4F21-8677-4F6971640233}.Release|x64.ActiveCfg = Release|Any CPU
		{06AD2AE7-8E8E-4F21-8677-4F6971640233}.Release|x64.Build.0 = Release|Any CPU
		{06AD2AE7-8E8E-4F21-8677-4F6971640233}.Release|x86.ActiveCfg = Release|Any CPU
		{06AD2AE7-8E8E-4F21-8677-4F6971640233}.Release|x86.Build.0 = Release|Any CPU
		{521848C6-3C9B-473D-A4E8-F5F778EB3EBA}.Debug|Any CPU.ActiveCfg = Debug|Any CPU
		{521848C6-3C9B-473D-A4E8-F5F778EB3EBA}.Debug|Any CPU.Build.0 = Debug|Any CPU
		{521848C6-3C9B-473D-A4E8-F5F778EB3EBA}.Debug|x64.ActiveCfg = Debug|Any CPU
		{521848C6-3C9B-473D-A4E8-F5F778EB3EBA}.Debug|x64.Build.0 = Debug|Any CPU
		{521848C6-3C9B-473D-A4E8-F5F778EB3EBA}.Debug|x86.ActiveCfg = Debug|Any CPU
		{521848C6-3C9B-473D-A4E8-F5F778EB3EBA}.Debug|x86.Build.0 = Debug|Any CPU
		{521848C6-3C9B-473D-A4E8-F5F778EB3EBA}.Release|Any CPU.ActiveCfg = Release|Any CPU
		{521848C6-3C9B-473D-A4E8-F5F778EB3EBA}.Release|Any CPU.Build.0 = Release|Any CPU
		{521848C6-3C9B-473D-A4E8-F5F778EB3EBA}.Release|x64.ActiveCfg = Release|Any CPU
		{521848C6-3C9B-473D-A4E8-F5F778EB3EBA}.Release|x64.Build.0 = Release|Any CPU
		{521848C6-3C9B-473D-A4E8-F5F778EB3EBA}.Release|x86.ActiveCfg = Release|Any CPU
		{521848C6-3C9B-473D-A4E8-F5F778EB3EBA}.Release|x86.Build.0 = Release|Any CPU
		{23736ABA-6425-43BE-964E-DC0C089EDE94}.Debug|Any CPU.ActiveCfg = Debug|Any CPU
		{23736ABA-6425-43BE-964E-DC0C089EDE94}.Debug|Any CPU.Build.0 = Debug|Any CPU
		{23736ABA-6425-43BE-964E-DC0C089EDE94}.Debug|x64.ActiveCfg = Debug|Any CPU
		{23736ABA-6425-43BE-964E-DC0C089EDE94}.Debug|x64.Build.0 = Debug|Any CPU
		{23736ABA-6425-43BE-964E-DC0C089EDE94}.Debug|x86.ActiveCfg = Debug|Any CPU
		{23736ABA-6425-43BE-964E-DC0C089EDE94}.Debug|x86.Build.0 = Debug|Any CPU
		{23736ABA-6425-43BE-964E-DC0C089EDE94}.Release|Any CPU.ActiveCfg = Release|Any CPU
		{23736ABA-6425-43BE-964E-DC0C089EDE94}.Release|Any CPU.Build.0 = Release|Any CPU
		{23736ABA-6425-43BE-964E-DC0C089EDE94}.Release|x64.ActiveCfg = Release|Any CPU
		{23736ABA-6425-43BE-964E-DC0C089EDE94}.Release|x64.Build.0 = Release|Any CPU
		{23736ABA-6425-43BE-964E-DC0C089EDE94}.Release|x86.ActiveCfg = Release|Any CPU
		{23736ABA-6425-43BE-964E-DC0C089EDE94}.Release|x86.Build.0 = Release|Any CPU
		{DC5930EA-762D-4692-B698-A4C7AB88F0D3}.Debug|Any CPU.ActiveCfg = Debug|Any CPU
		{DC5930EA-762D-4692-B698-A4C7AB88F0D3}.Debug|Any CPU.Build.0 = Debug|Any CPU
		{DC5930EA-762D-4692-B698-A4C7AB88F0D3}.Debug|x64.ActiveCfg = Debug|Any CPU
		{DC5930EA-762D-4692-B698-A4C7AB88F0D3}.Debug|x64.Build.0 = Debug|Any CPU
		{DC5930EA-762D-4692-B698-A4C7AB88F0D3}.Debug|x86.ActiveCfg = Debug|Any CPU
		{DC5930EA-762D-4692-B698-A4C7AB88F0D3}.Debug|x86.Build.0 = Debug|Any CPU
		{DC5930EA-762D-4692-B698-A4C7AB88F0D3}.Release|Any CPU.ActiveCfg = Release|Any CPU
		{DC5930EA-762D-4692-B698-A4C7AB88F0D3}.Release|Any CPU.Build.0 = Release|Any CPU
		{DC5930EA-762D-4692-B698-A4C7AB88F0D3}.Release|x64.ActiveCfg = Release|Any CPU
		{DC5930EA-762D-4692-B698-A4C7AB88F0D3}.Release|x64.Build.0 = Release|Any CPU
		{DC5930EA-762D-4692-B698-A4C7AB88F0D3}.Release|x86.ActiveCfg = Release|Any CPU
		{DC5930EA-762D-4692-B698-A4C7AB88F0D3}.Release|x86.Build.0 = Release|Any CPU
		{7CC1F3E8-BDBE-454C-8241-B1E0F1629B83}.Debug|Any CPU.ActiveCfg = Debug|Any CPU
		{7CC1F3E8-BDBE-454C-8241-B1E0F1629B83}.Debug|Any CPU.Build.0 = Debug|Any CPU
		{7CC1F3E8-BDBE-454C-8241-B1E0F1629B83}.Debug|x64.ActiveCfg = Debug|Any CPU
		{7CC1F3E8-BDBE-454C-8241-B1E0F1629B83}.Debug|x64.Build.0 = Debug|Any CPU
		{7CC1F3E8-BDBE-454C-8241-B1E0F1629B83}.Debug|x86.ActiveCfg = Debug|Any CPU
		{7CC1F3E8-BDBE-454C-8241-B1E0F1629B83}.Debug|x86.Build.0 = Debug|Any CPU
		{7CC1F3E8-BDBE-454C-8241-B1E0F1629B83}.Release|Any CPU.ActiveCfg = Release|Any CPU
		{7CC1F3E8-BDBE-454C-8241-B1E0F1629B83}.Release|Any CPU.Build.0 = Release|Any CPU
		{7CC1F3E8-BDBE-454C-8241-B1E0F1629B83}.Release|x64.ActiveCfg = Release|Any CPU
		{7CC1F3E8-BDBE-454C-8241-B1E0F1629B83}.Release|x64.Build.0 = Release|Any CPU
		{7CC1F3E8-BDBE-454C-8241-B1E0F1629B83}.Release|x86.ActiveCfg = Release|Any CPU
		{7CC1F3E8-BDBE-454C-8241-B1E0F1629B83}.Release|x86.Build.0 = Release|Any CPU
		{646050F8-185A-46CB-B63F-48E481542674}.Debug|Any CPU.ActiveCfg = Debug|Any CPU
		{646050F8-185A-46CB-B63F-48E481542674}.Debug|Any CPU.Build.0 = Debug|Any CPU
		{646050F8-185A-46CB-B63F-48E481542674}.Debug|x64.ActiveCfg = Debug|Any CPU
		{646050F8-185A-46CB-B63F-48E481542674}.Debug|x64.Build.0 = Debug|Any CPU
		{646050F8-185A-46CB-B63F-48E481542674}.Debug|x86.ActiveCfg = Debug|Any CPU
		{646050F8-185A-46CB-B63F-48E481542674}.Debug|x86.Build.0 = Debug|Any CPU
		{646050F8-185A-46CB-B63F-48E481542674}.Release|Any CPU.ActiveCfg = Release|Any CPU
		{646050F8-185A-46CB-B63F-48E481542674}.Release|Any CPU.Build.0 = Release|Any CPU
		{646050F8-185A-46CB-B63F-48E481542674}.Release|x64.ActiveCfg = Release|Any CPU
		{646050F8-185A-46CB-B63F-48E481542674}.Release|x64.Build.0 = Release|Any CPU
		{646050F8-185A-46CB-B63F-48E481542674}.Release|x86.ActiveCfg = Release|Any CPU
		{646050F8-185A-46CB-B63F-48E481542674}.Release|x86.Build.0 = Release|Any CPU
		{D7908F58-141D-4E63-8975-62A8AB366CA5}.Debug|Any CPU.ActiveCfg = Debug|Any CPU
		{D7908F58-141D-4E63-8975-62A8AB366CA5}.Debug|Any CPU.Build.0 = Debug|Any CPU
		{D7908F58-141D-4E63-8975-62A8AB366CA5}.Debug|x64.ActiveCfg = Debug|Any CPU
		{D7908F58-141D-4E63-8975-62A8AB366CA5}.Debug|x64.Build.0 = Debug|Any CPU
		{D7908F58-141D-4E63-8975-62A8AB366CA5}.Debug|x86.ActiveCfg = Debug|Any CPU
		{D7908F58-141D-4E63-8975-62A8AB366CA5}.Debug|x86.Build.0 = Debug|Any CPU
		{D7908F58-141D-4E63-8975-62A8AB366CA5}.Release|Any CPU.ActiveCfg = Release|Any CPU
		{D7908F58-141D-4E63-8975-62A8AB366CA5}.Release|Any CPU.Build.0 = Release|Any CPU
		{D7908F58-141D-4E63-8975-62A8AB366CA5}.Release|x64.ActiveCfg = Release|Any CPU
		{D7908F58-141D-4E63-8975-62A8AB366CA5}.Release|x64.Build.0 = Release|Any CPU
		{D7908F58-141D-4E63-8975-62A8AB366CA5}.Release|x86.ActiveCfg = Release|Any CPU
		{D7908F58-141D-4E63-8975-62A8AB366CA5}.Release|x86.Build.0 = Release|Any CPU
		{EE7F47CE-78BA-4036-946E-3F3EB7AB2C0F}.Debug|Any CPU.ActiveCfg = Debug|Any CPU
		{EE7F47CE-78BA-4036-946E-3F3EB7AB2C0F}.Debug|Any CPU.Build.0 = Debug|Any CPU
		{EE7F47CE-78BA-4036-946E-3F3EB7AB2C0F}.Debug|x64.ActiveCfg = Debug|Any CPU
		{EE7F47CE-78BA-4036-946E-3F3EB7AB2C0F}.Debug|x64.Build.0 = Debug|Any CPU
		{EE7F47CE-78BA-4036-946E-3F3EB7AB2C0F}.Debug|x86.ActiveCfg = Debug|Any CPU
		{EE7F47CE-78BA-4036-946E-3F3EB7AB2C0F}.Debug|x86.Build.0 = Debug|Any CPU
		{EE7F47CE-78BA-4036-946E-3F3EB7AB2C0F}.Release|Any CPU.ActiveCfg = Release|Any CPU
		{EE7F47CE-78BA-4036-946E-3F3EB7AB2C0F}.Release|Any CPU.Build.0 = Release|Any CPU
		{EE7F47CE-78BA-4036-946E-3F3EB7AB2C0F}.Release|x64.ActiveCfg = Release|Any CPU
		{EE7F47CE-78BA-4036-946E-3F3EB7AB2C0F}.Release|x64.Build.0 = Release|Any CPU
		{EE7F47CE-78BA-4036-946E-3F3EB7AB2C0F}.Release|x86.ActiveCfg = Release|Any CPU
		{EE7F47CE-78BA-4036-946E-3F3EB7AB2C0F}.Release|x86.Build.0 = Release|Any CPU
		{CD62D345-23A0-4554-9DCF-D2CEB85C1036}.Debug|Any CPU.ActiveCfg = Debug|Any CPU
		{CD62D345-23A0-4554-9DCF-D2CEB85C1036}.Debug|Any CPU.Build.0 = Debug|Any CPU
		{CD62D345-23A0-4554-9DCF-D2CEB85C1036}.Debug|x64.ActiveCfg = Debug|Any CPU
		{CD62D345-23A0-4554-9DCF-D2CEB85C1036}.Debug|x64.Build.0 = Debug|Any CPU
		{CD62D345-23A0-4554-9DCF-D2CEB85C1036}.Debug|x86.ActiveCfg = Debug|Any CPU
		{CD62D345-23A0-4554-9DCF-D2CEB85C1036}.Debug|x86.Build.0 = Debug|Any CPU
		{CD62D345-23A0-4554-9DCF-D2CEB85C1036}.Release|Any CPU.ActiveCfg = Release|Any CPU
		{CD62D345-23A0-4554-9DCF-D2CEB85C1036}.Release|Any CPU.Build.0 = Release|Any CPU
		{CD62D345-23A0-4554-9DCF-D2CEB85C1036}.Release|x64.ActiveCfg = Release|Any CPU
		{CD62D345-23A0-4554-9DCF-D2CEB85C1036}.Release|x64.Build.0 = Release|Any CPU
		{CD62D345-23A0-4554-9DCF-D2CEB85C1036}.Release|x86.ActiveCfg = Release|Any CPU
		{CD62D345-23A0-4554-9DCF-D2CEB85C1036}.Release|x86.Build.0 = Release|Any CPU
		{1377F79F-089C-4D76-A50B-D1D3FCF8547A}.Debug|Any CPU.ActiveCfg = Debug|Any CPU
		{1377F79F-089C-4D76-A50B-D1D3FCF8547A}.Debug|Any CPU.Build.0 = Debug|Any CPU
		{1377F79F-089C-4D76-A50B-D1D3FCF8547A}.Debug|x64.ActiveCfg = Debug|Any CPU
		{1377F79F-089C-4D76-A50B-D1D3FCF8547A}.Debug|x64.Build.0 = Debug|Any CPU
		{1377F79F-089C-4D76-A50B-D1D3FCF8547A}.Debug|x86.ActiveCfg = Debug|Any CPU
		{1377F79F-089C-4D76-A50B-D1D3FCF8547A}.Debug|x86.Build.0 = Debug|Any CPU
		{1377F79F-089C-4D76-A50B-D1D3FCF8547A}.Release|Any CPU.ActiveCfg = Release|Any CPU
		{1377F79F-089C-4D76-A50B-D1D3FCF8547A}.Release|Any CPU.Build.0 = Release|Any CPU
		{1377F79F-089C-4D76-A50B-D1D3FCF8547A}.Release|x64.ActiveCfg = Release|Any CPU
		{1377F79F-089C-4D76-A50B-D1D3FCF8547A}.Release|x64.Build.0 = Release|Any CPU
		{1377F79F-089C-4D76-A50B-D1D3FCF8547A}.Release|x86.ActiveCfg = Release|Any CPU
		{1377F79F-089C-4D76-A50B-D1D3FCF8547A}.Release|x86.Build.0 = Release|Any CPU
	EndGlobalSection
	GlobalSection(SolutionProperties) = preSolution
		HideSolutionNode = FALSE
	EndGlobalSection
	GlobalSection(NestedProjects) = preSolution
		{8D626EA8-CB54-BC41-363A-217881BEBA6E} = {827E0CD3-B72D-47B6-A68D-7590B98EB39B}
		{B3DEAE7C-D310-C54E-D648-3D58CC2F7B10} = {8D626EA8-CB54-BC41-363A-217881BEBA6E}
		{06AD2AE7-8E8E-4F21-8677-4F6971640233} = {B3DEAE7C-D310-C54E-D648-3D58CC2F7B10}
		{521848C6-3C9B-473D-A4E8-F5F778EB3EBA} = {B3DEAE7C-D310-C54E-D648-3D58CC2F7B10}
		{23736ABA-6425-43BE-964E-DC0C089EDE94} = {B3DEAE7C-D310-C54E-D648-3D58CC2F7B10}
		{DC5930EA-762D-4692-B698-A4C7AB88F0D3} = {B3DEAE7C-D310-C54E-D648-3D58CC2F7B10}
		{7CC1F3E8-BDBE-454C-8241-B1E0F1629B83} = {B3DEAE7C-D310-C54E-D648-3D58CC2F7B10}
		{646050F8-185A-46CB-B63F-48E481542674} = {B3DEAE7C-D310-C54E-D648-3D58CC2F7B10}
		{D7908F58-141D-4E63-8975-62A8AB366CA5} = {B3DEAE7C-D310-C54E-D648-3D58CC2F7B10}
		{EE7F47CE-78BA-4036-946E-3F3EB7AB2C0F} = {B3DEAE7C-D310-C54E-D648-3D58CC2F7B10}
		{CD62D345-23A0-4554-9DCF-D2CEB85C1036} = {B3DEAE7C-D310-C54E-D648-3D58CC2F7B10}
		{1377F79F-089C-4D76-A50B-D1D3FCF8547A} = {B3DEAE7C-D310-C54E-D648-3D58CC2F7B10}
	EndGlobalSection
EndGlobal
