
Microsoft Visual Studio Solution File, Format Version 12.00
# Visual Studio Version 17
VisualStudioVersion = 17.0.31903.59
MinimumVisualStudioVersion = 10.0.40219.1
Project("{2150E333-8FDC-42A3-9474-1A3956D46DE8}") = "src", "src", "{827E0CD3-B72D-47B6-A68D-7590B98EB39B}"
EndProject
Project("{2150E333-8FDC-42A3-9474-1A3956D46DE8}") = "Core", "Core", "{8D626EA8-CB54-BC41-363A-217881BEBA6E}"
EndProject
Project("{2150E333-8FDC-42A3-9474-1A3956D46DE8}") = "AI", "AI", "{B3DEAE7C-D310-C54E-D648-3D58CC2F7B10}"
EndProject
Project("{FAE04EC0-301F-11D3-BF4B-00C04F79EFBC}") = "Hazina.AI.Core", "src\Core\AI\Hazina.AI.Core\Hazina.AI.Core.csproj", "{F2A57938-956A-4FA4-A131-D7F64D79FD11}"
EndProject
Project("{FAE04EC0-301F-11D3-BF4B-00C04F79EFBC}") = "Hazina.AI.LocalLLM", "src\Core\AI\Hazina.AI.LocalLLM\Hazina.AI.LocalLLM.csproj", "{C147EA43-0790-4D77-9646-BCC1724FD2CE}"
EndProject
Project("{FAE04EC0-301F-11D3-BF4B-00C04F79EFBC}") = "Hazina.AI.Inference", "src\Core\AI\Hazina.AI.Inference\Hazina.AI.Inference.csproj", "{8265B084-E98B-4604-A3A2-8AB3FDD1C00E}"
EndProject
Project("{FAE04EC0-301F-11D3-BF4B-00C04F79EFBC}") = "Hazina.AI.Training", "src\Core\AI\Hazina.AI.Training\Hazina.AI.Training.csproj", "{D216DA4B-D93B-47AE-AB38-1E1944AC99E1}"
EndProject
Project("{FAE04EC0-301F-11D3-BF4B-00C04F79EFBC}") = "Hazina.AI.Vision", "src\Core\AI\Hazina.AI.Vision\Hazina.AI.Vision.csproj", "{990655B7-0DB6-436C-B78F-A8705464066C}"
EndProject
Project("{FAE04EC0-301F-11D3-BF4B-00C04F79EFBC}") = "Hazina.AgenticOrchestration", "src\Hazina.AgenticOrchestration\Hazina.AgenticOrchestration.csproj", "{5DF4EDDF-0FB9-4F47-B142-52789584F62E}"
EndProject
Project("{2150E333-8FDC-42A3-9474-1A3956D46DE8}") = "apps", "apps", "{1787FE1D-075E-9E68-7218-25F1BD1BBEAB}"
EndProject
Project("{2150E333-8FDC-42A3-9474-1A3956D46DE8}") = "Demos", "Demos", "{FAF4AD4C-132B-52FD-BD75-7A18FE032290}"
EndProject
Project("{FAE04EC0-301F-11D3-BF4B-00C04F79EFBC}") = "Hazina.Demo.AgenticOrchestration", "apps\Demos\Hazina.Demo.AgenticOrchestration\Hazina.Demo.AgenticOrchestration.csproj", "{FB272D78-69C0-4459-99EE-BD968FA4B3AB}"
EndProject
Global
	GlobalSection(SolutionConfigurationPlatforms) = preSolution
		Debug|Any CPU = Debug|Any CPU
		Debug|x64 = Debug|x64
		Debug|x86 = Debug|x86
		Release|Any CPU = Release|Any CPU
		Release|x64 = Release|x64
		Release|x86 = Release|x86
	EndGlobalSection
	GlobalSection(ProjectConfigurationPlatforms) = postSolution
		{F2A57938-956A-4FA4-A131-D7F64D79FD11}.Debug|Any CPU.ActiveCfg = Debug|Any CPU
		{F2A57938-956A-4FA4-A131-D7F64D79FD11}.Debug|Any CPU.Build.0 = Debug|Any CPU
		{F2A57938-956A-4FA4-A131-D7F64D79FD11}.Debug|x64.ActiveCfg = Debug|Any CPU
		{F2A57938-956A-4FA4-A131-D7F64D79FD11}.Debug|x64.Build.0 = Debug|Any CPU
		{F2A57938-956A-4FA4-A131-D7F64D79FD11}.Debug|x86.ActiveCfg = Debug|Any CPU
		{F2A57938-956A-4FA4-A131-D7F64D79FD11}.Debug|x86.Build.0 = Debug|Any CPU
		{F2A57938-956A-4FA4-A131-D7F64D79FD11}.Release|Any CPU.ActiveCfg = Release|Any CPU
		{F2A57938-956A-4FA4-A131-D7F64D79FD11}.Release|Any CPU.Build.0 = Release|Any CPU
		{F2A57938-956A-4FA4-A131-D7F64D79FD11}.Release|x64.ActiveCfg = Release|Any CPU
		{F2A57938-956A-4FA4-A131-D7F64D79FD11}.Release|x64.Build.0 = Release|Any CPU
		{F2A57938-956A-4FA4-A131-D7F64D79FD11}.Release|x86.ActiveCfg = Release|Any CPU
		{F2A57938-956A-4FA4-A131-D7F64D79FD11}.Release|x86.Build.0 = Release|Any CPU
		{C147EA43-0790-4D77-9646-BCC1724FD2CE}.Debug|Any CPU.ActiveCfg = Debug|Any CPU
		{C147EA43-0790-4D77-9646-BCC1724FD2CE}.Debug|Any CPU.Build.0 = Debug|Any CPU
		{C147EA43-0790-4D77-9646-BCC1724FD2CE}.Debug|x64.ActiveCfg = Debug|Any CPU
		{C147EA43-0790-4D77-9646-BCC1724FD2CE}.Debug|x64.Build.0 = Debug|Any CPU
		{C147EA43-0790-4D77-9646-BCC1724FD2CE}.Debug|x86.ActiveCfg = Debug|Any CPU
		{C147EA43-0790-4D77-9646-BCC1724FD2CE}.Debug|x86.Build.0 = Debug|Any CPU
		{C147EA43-0790-4D77-9646-BCC1724FD2CE}.Release|Any CPU.ActiveCfg = Release|Any CPU
		{C147EA43-0790-4D77-9646-BCC1724FD2CE}.Release|Any CPU.Build.0 = Release|Any CPU
		{C147EA43-0790-4D77-9646-BCC1724FD2CE}.Release|x64.ActiveCfg = Release|Any CPU
		{C147EA43-0790-4D77-9646-BCC1724FD2CE}.Release|x64.Build.0 = Release|Any CPU
		{C147EA43-0790-4D77-9646-BCC1724FD2CE}.Release|x86.ActiveCfg = Release|Any CPU
		{C147EA43-0790-4D77-9646-BCC1724FD2CE}.Release|x86.Build.0 = Release|Any CPU
		{8265B084-E98B-4604-A3A2-8AB3FDD1C00E}.Debug|Any CPU.ActiveCfg = Debug|Any CPU
		{8265B084-E98B-4604-A3A2-8AB3FDD1C00E}.Debug|Any CPU.Build.0 = Debug|Any CPU
		{8265B084-E98B-4604-A3A2-8AB3FDD1C00E}.Debug|x64.ActiveCfg = Debug|Any CPU
		{8265B084-E98B-4604-A3A2-8AB3FDD1C00E}.Debug|x64.Build.0 = Debug|Any CPU
		{8265B084-E98B-4604-A3A2-8AB3FDD1C00E}.Debug|x86.ActiveCfg = Debug|Any CPU
		{8265B084-E98B-4604-A3A2-8AB3FDD1C00E}.Debug|x86.Build.0 = Debug|Any CPU
		{8265B084-E98B-4604-A3A2-8AB3FDD1C00E}.Release|Any CPU.ActiveCfg = Release|Any CPU
		{8265B084-E98B-4604-A3A2-8AB3FDD1C00E}.Release|Any CPU.Build.0 = Release|Any CPU
		{8265B084-E98B-4604-A3A2-8AB3FDD1C00E}.Release|x64.ActiveCfg = Release|Any CPU
		{8265B084-E98B-4604-A3A2-8AB3FDD1C00E}.Release|x64.Build.0 = Release|Any CPU
		{8265B084-E98B-4604-A3A2-8AB3FDD1C00E}.Release|x86.ActiveCfg = Release|Any CPU
		{8265B084-E98B-4604-A3A2-8AB3FDD1C00E}.Release|x86.Build.0 = Release|Any CPU
		{D216DA4B-D93B-47AE-AB38-1E1944AC99E1}.Debug|Any CPU.ActiveCfg = Debug|Any CPU
		{D216DA4B-D93B-47AE-AB38-1E1944AC99E1}.Debug|Any CPU.Build.0 = Debug|Any CPU
		{D216DA4B-D93B-47AE-AB38-1E1944AC99E1}.Debug|x64.ActiveCfg = Debug|Any CPU
		{D216DA4B-D93B-47AE-AB38-1E1944AC99E1}.Debug|x64.Build.0 = Debug|Any CPU
		{D216DA4B-D93B-47AE-AB38-1E1944AC99E1}.Debug|x86.ActiveCfg = Debug|Any CPU
		{D216DA4B-D93B-47AE-AB38-1E1944AC99E1}.Debug|x86.Build.0 = Debug|Any CPU
		{D216DA4B-D93B-47AE-AB38-1E1944AC99E1}.Release|Any CPU.ActiveCfg = Release|Any CPU
		{D216DA4B-D93B-47AE-AB38-1E1944AC99E1}.Release|Any CPU.Build.0 = Release|Any CPU
		{D216DA4B-D93B-47AE-AB38-1E1944AC99E1}.Release|x64.ActiveCfg = Release|Any CPU
		{D216DA4B-D93B-47AE-AB38-1E1944AC99E1}.Release|x64.Build.0 = Release|Any CPU
		{D216DA4B-D93B-47AE-AB38-1E1944AC99E1}.Release|x86.ActiveCfg = Release|Any CPU
		{D216DA4B-D93B-47AE-AB38-1E1944AC99E1}.Release|x86.Build.0 = Release|Any CPU
		{990655B7-0DB6-436C-B78F-A8705464066C}.Debug|Any CPU.ActiveCfg = Debug|Any CPU
		{990655B7-0DB6-436C-B78F-A8705464066C}.Debug|Any CPU.Build.0 = Debug|Any CPU
		{990655B7-0DB6-436C-B78F-A8705464066C}.Debug|x64.ActiveCfg = Debug|Any CPU
		{990655B7-0DB6-436C-B78F-A8705464066C}.Debug|x64.Build.0 = Debug|Any CPU
		{990655B7-0DB6-436C-B78F-A8705464066C}.Debug|x86.ActiveCfg = Debug|Any CPU
		{990655B7-0DB6-436C-B78F-A8705464066C}.Debug|x86.Build.0 = Debug|Any CPU
		{990655B7-0DB6-436C-B78F-A8705464066C}.Release|Any CPU.ActiveCfg = Release|Any CPU
		{990655B7-0DB6-436C-B78F-A8705464066C}.Release|Any CPU.Build.0 = Release|Any CPU
		{990655B7-0DB6-436C-B78F-A8705464066C}.Release|x64.ActiveCfg = Release|Any CPU
		{990655B7-0DB6-436C-B78F-A8705464066C}.Release|x64.Build.0 = Release|Any CPU
		{990655B7-0DB6-436C-B78F-A8705464066C}.Release|x86.ActiveCfg = Release|Any CPU
		{990655B7-0DB6-436C-B78F-A8705464066C}.Release|x86.Build.0 = Release|Any CPU
		{5DF4EDDF-0FB9-4F47-B142-52789584F62E}.Debug|Any CPU.ActiveCfg = Debug|Any CPU
		{5DF4EDDF-0FB9-4F47-B142-52789584F62E}.Debug|Any CPU.Build.0 = Debug|Any CPU
		{5DF4EDDF-0FB9-4F47-B142-52789584F62E}.Debug|x64.ActiveCfg = Debug|Any CPU
		{5DF4EDDF-0FB9-4F47-B142-52789584F62E}.Debug|x64.Build.0 = Debug|Any CPU
		{5DF4EDDF-0FB9-4F47-B142-52789584F62E}.Debug|x86.ActiveCfg = Debug|Any CPU
		{5DF4EDDF-0FB9-4F47-B142-52789584F62E}.Debug|x86.Build.0 = Debug|Any CPU
		{5DF4EDDF-0FB9-4F47-B142-52789584F62E}.Release|Any CPU.ActiveCfg = Release|Any CPU
		{5DF4EDDF-0FB9-4F47-B142-52789584F62E}.Release|Any CPU.Build.0 = Release|Any CPU
		{5DF4EDDF-0FB9-4F47-B142-52789584F62E}.Release|x64.ActiveCfg = Release|Any CPU
		{5DF4EDDF-0FB9-4F47-B142-52789584F62E}.Release|x64.Build.0 = Release|Any CPU
		{5DF4EDDF-0FB9-4F47-B142-52789584F62E}.Release|x86.ActiveCfg = Release|Any CPU
		{5DF4EDDF-0FB9-4F47-B142-52789584F62E}.Release|x86.Build.0 = Release|Any CPU
		{FB272D78-69C0-4459-99EE-BD968FA4B3AB}.Debug|Any CPU.ActiveCfg = Debug|Any CPU
		{FB272D78-69C0-4459-99EE-BD968FA4B3AB}.Debug|Any CPU.Build.0 = Debug|Any CPU
		{FB272D78-69C0-4459-99EE-BD968FA4B3AB}.Debug|x64.ActiveCfg = Debug|Any CPU
		{FB272D78-69C0-4459-99EE-BD968FA4B3AB}.Debug|x64.Build.0 = Debug|Any CPU
		{FB272D78-69C0-4459-99EE-BD968FA4B3AB}.Debug|x86.ActiveCfg = Debug|Any CPU
		{FB272D78-69C0-4459-99EE-BD968FA4B3AB}.Debug|x86.Build.0 = Debug|Any CPU
		{FB272D78-69C0-4459-99EE-BD968FA4B3AB}.Release|Any CPU.ActiveCfg = Release|Any CPU
		{FB272D78-69C0-4459-99EE-BD968FA4B3AB}.Release|Any CPU.Build.0 = Release|Any CPU
		{FB272D78-69C0-4459-99EE-BD968FA4B3AB}.Release|x64.ActiveCfg = Release|Any CPU
		{FB272D78-69C0-4459-99EE-BD968FA4B3AB}.Release|x64.Build.0 = Release|Any CPU
		{FB272D78-69C0-4459-99EE-BD968FA4B3AB}.Release|x86.ActiveCfg = Release|Any CPU
		{FB272D78-69C0-4459-99EE-BD968FA4B3AB}.Release|x86.Build.0 = Release|Any CPU
	EndGlobalSection
	GlobalSection(SolutionProperties) = preSolution
		HideSolutionNode = FALSE
	EndGlobalSection
	GlobalSection(NestedProjects) = preSolution
		{8D626EA8-CB54-BC41-363A-217881BEBA6E} = {827E0CD3-B72D-47B6-A68D-7590B98EB39B}
		{B3DEAE7C-D310-C54E-D648-3D58CC2F7B10} = {8D626EA8-CB54-BC41-363A-217881BEBA6E}
		{F2A57938-956A-4FA4-A131-D7F64D79FD11} = {B3DEAE7C-D310-C54E-D648-3D58CC2F7B10}
		{C147EA43-0790-4D77-9646-BCC1724FD2CE} = {B3DEAE7C-D310-C54E-D648-3D58CC2F7B10}
		{8265B084-E98B-4604-A3A2-8AB3FDD1C00E} = {B3DEAE7C-D310-C54E-D648-3D58CC2F7B10}
		{D216DA4B-D93B-47AE-AB38-1E1944AC99E1} = {B3DEAE7C-D310-C54E-D648-3D58CC2F7B10}
		{990655B7-0DB6-436C-B78F-A8705464066C} = {B3DEAE7C-D310-C54E-D648-3D58CC2F7B10}
		{5DF4EDDF-0FB9-4F47-B142-52789584F62E} = {827E0CD3-B72D-47B6-A68D-7590B98EB39B}
		{FAF4AD4C-132B-52FD-BD75-7A18FE032290} = {1787FE1D-075E-9E68-7218-25F1BD1BBEAB}
		{FB272D78-69C0-4459-99EE-BD968FA4B3AB} = {FAF4AD4C-132B-52FD-BD75-7A18FE032290}
	EndGlobalSection
EndGlobal
