Microsoft Visual Studio Solution File, Format Version 12.00
# Visual Studio Version 17
VisualStudioVersion = 17.5.2.0
MinimumVisualStudioVersion = 10.0.40219.1
Project("{FAE04EC0-301F-11D3-BF4B-00C04F79EFBC}") = "DevGPT.GenerationTools.Models", "DevGPT.GenerationTools.Models.csproj", "{4EEB1209-A3A2-14DC-DE61-C031AF9ADB26}"
EndProject
Project("{FAE04EC0-301F-11D3-BF4B-00C04F79EFBC}") = "DevGPT.GenerationTools.Models.local", "DevGPT.GenerationTools.Models.local.csproj", "{EF72FCD8-A5D6-80D8-7AA0-2F5DA30FF659}"
EndProject
Global
	GlobalSection(SolutionConfigurationPlatforms) = preSolution
		Debug|Any CPU = Debug|Any CPU
		Release|Any CPU = Release|Any CPU
	EndGlobalSection
	GlobalSection(ProjectConfigurationPlatforms) = postSolution
		{4EEB1209-A3A2-14DC-DE61-C031AF9ADB26}.Debug|Any CPU.ActiveCfg = Debug|Any CPU
		{4EEB1209-A3A2-14DC-DE61-C031AF9ADB26}.Debug|Any CPU.Build.0 = Debug|Any CPU
		{4EEB1209-A3A2-14DC-DE61-C031AF9ADB26}.Release|Any CPU.ActiveCfg = Release|Any CPU
		{4EEB1209-A3A2-14DC-DE61-C031AF9ADB26}.Release|Any CPU.Build.0 = Release|Any CPU
		{EF72FCD8-A5D6-80D8-7AA0-2F5DA30FF659}.Debug|Any CPU.ActiveCfg = Debug|Any CPU
		{EF72FCD8-A5D6-80D8-7AA0-2F5DA30FF659}.Debug|Any CPU.Build.0 = Debug|Any CPU
		{EF72FCD8-A5D6-80D8-7AA0-2F5DA30FF659}.Release|Any CPU.ActiveCfg = Release|Any CPU
		{EF72FCD8-A5D6-80D8-7AA0-2F5DA30FF659}.Release|Any CPU.Build.0 = Release|Any CPU
	EndGlobalSection
	GlobalSection(SolutionProperties) = preSolution
		HideSolutionNode = FALSE
	EndGlobalSection
	GlobalSection(ExtensibilityGlobals) = postSolution
		SolutionGuid = {4A78B04B-7BAD-42F0-9548-AB756885EE64}
	EndGlobalSection
EndGlobal
